// !$*UTF8*$!
{
	archiveVersion = 1;
	classes = {
	};
	objectVersion = 46;
	objects = {

/* Begin PBXBuildFile section */
		F00ECE88184CC14D00C2B668 /* Foundation.framework in Frameworks */ = {isa = PBXBuildFile; fileRef = F00ECE87184CC14D00C2B668 /* Foundation.framework */; };
		F00ECE8A184CC14D00C2B668 /* CoreGraphics.framework in Frameworks */ = {isa = PBXBuildFile; fileRef = F00ECE89184CC14D00C2B668 /* CoreGraphics.framework */; };
		F00ECE8C184CC14D00C2B668 /* UIKit.framework in Frameworks */ = {isa = PBXBuildFile; fileRef = F00ECE8B184CC14D00C2B668 /* UIKit.framework */; };
		F00ECE92184CC14D00C2B668 /* InfoPlist.strings in Resources */ = {isa = PBXBuildFile; fileRef = F00ECE90184CC14D00C2B668 /* InfoPlist.strings */; };
		F00ECE94184CC14D00C2B668 /* main.m in Sources */ = {isa = PBXBuildFile; fileRef = F00ECE93184CC14D00C2B668 /* main.m */; };
		F00ECE98184CC14D00C2B668 /* AppDelegate.m in Sources */ = {isa = PBXBuildFile; fileRef = F00ECE97184CC14D00C2B668 /* AppDelegate.m */; };
		F00ECE9B184CC14D00C2B668 /* Main.storyboard in Resources */ = {isa = PBXBuildFile; fileRef = F00ECE99184CC14D00C2B668 /* Main.storyboard */; };
		F00ECE9E184CC14D00C2B668 /* MasterViewController.m in Sources */ = {isa = PBXBuildFile; fileRef = F00ECE9D184CC14D00C2B668 /* MasterViewController.m */; };
		F00ECEA1184CC14D00C2B668 /* DetailViewController.m in Sources */ = {isa = PBXBuildFile; fileRef = F00ECEA0184CC14D00C2B668 /* DetailViewController.m */; };
		F00ECEA3184CC14D00C2B668 /* Images.xcassets in Resources */ = {isa = PBXBuildFile; fileRef = F00ECEA2184CC14D00C2B668 /* Images.xcassets */; };
		F00ECEAA184CC14E00C2B668 /* XCTest.framework in Frameworks */ = {isa = PBXBuildFile; fileRef = F00ECEA9184CC14E00C2B668 /* XCTest.framework */; };
		F00ECEAB184CC14E00C2B668 /* Foundation.framework in Frameworks */ = {isa = PBXBuildFile; fileRef = F00ECE87184CC14D00C2B668 /* Foundation.framework */; };
		F00ECEAC184CC14E00C2B668 /* UIKit.framework in Frameworks */ = {isa = PBXBuildFile; fileRef = F00ECE8B184CC14D00C2B668 /* UIKit.framework */; };
		F00ECEB4184CC14E00C2B668 /* InfoPlist.strings in Resources */ = {isa = PBXBuildFile; fileRef = F00ECEB2184CC14E00C2B668 /* InfoPlist.strings */; };
		F00ECEB6184CC14E00C2B668 /* ApllicationIUTTests.m in Sources */ = {isa = PBXBuildFile; fileRef = F00ECEB5184CC14E00C2B668 /* ApllicationIUTTests.m */; };
		F0B3889918508B1F00DD4824 /* ecocampusTexte.m in Sources */ = {isa = PBXBuildFile; fileRef = F0B3889818508B1F00DD4824 /* ecocampusTexte.m */; };
		F0FC06E7184CD01000875AB6 /* ecocampusPrincipal.m in Sources */ = {isa = PBXBuildFile; fileRef = F0FC06E6184CD01000875AB6 /* ecocampusPrincipal.m */; };
		F0FC06F0184CD13B00875AB6 /* ecocampusDL2.m in Sources */ = {isa = PBXBuildFile; fileRef = F0FC06EF184CD13B00875AB6 /* ecocampusDL2.m */; };
		F0FC073C184E29EF00875AB6 /* IUTBM_quadri.jpg in Resources */ = {isa = PBXBuildFile; fileRef = F0FC0737184E29EF00875AB6 /* IUTBM_quadri.jpg */; };
		F0FC073D184E29EF00875AB6 /* LOGO UFC_1.jpg in Resources */ = {isa = PBXBuildFile; fileRef = F0FC0738184E29EF00875AB6 /* LOGO UFC_1.jpg */; };
		F0FC073E184E29EF00875AB6 /* slideshow_cp_ecocampus.gif in Resources */ = {isa = PBXBuildFile; fileRef = F0FC0739184E29EF00875AB6 /* slideshow_cp_ecocampus.gif */; };
		F0FC073F184E29EF00875AB6 /* slideshow_logos.gif in Resources */ = {isa = PBXBuildFile; fileRef = F0FC073A184E29EF00875AB6 /* slideshow_logos.gif */; };
		F0FC0740184E29EF00875AB6 /* vignette_ss_challenge.gif in Resources */ = {isa = PBXBuildFile; fileRef = F0FC073B184E29EF00875AB6 /* vignette_ss_challenge.gif */; };
		F0FC074718507B0100875AB6 /* ecocampusDL1.m in Sources */ = {isa = PBXBuildFile; fileRef = F0FC074618507B0100875AB6 /* ecocampusDL1.m */; };
		F09DA1AA1850741E00A4878C /* accueil_icone.png in Resources */ = {isa = PBXBuildFile; fileRef = F09DA19F1850741E00A4878C /* accueil_icone.png */; };
		F09DA1AB1850741E00A4878C /* agenda_icone.png in Resources */ = {isa = PBXBuildFile; fileRef = F09DA1A01850741E00A4878C /* agenda_icone.png */; };
		F09DA1AC1850741E00A4878C /* autres_icone.png in Resources */ = {isa = PBXBuildFile; fileRef = F09DA1A11850741E00A4878C /* autres_icone.png */; };
		F09DA1AD1850741E00A4878C /* ecocampus_icone.png in Resources */ = {isa = PBXBuildFile; fileRef = F09DA1A21850741E00A4878C /* ecocampus_icone.png */; };
		F09DA1AE1850741E00A4878C /* facebook_logo.png in Resources */ = {isa = PBXBuildFile; fileRef = F09DA1A31850741E00A4878C /* facebook_logo.png */; };
		F09DA1AF1850741E00A4878C /* formations_icone.png in Resources */ = {isa = PBXBuildFile; fileRef = F09DA1A41850741E00A4878C /* formations_icone.png */; };
		F09DA1B01850741E00A4878C /* google_logo.png in Resources */ = {isa = PBXBuildFile; fileRef = F09DA1A51850741E00A4878C /* google_logo.png */; };
		F09DA1B11850741E00A4878C /* iut_logo1.png in Resources */ = {isa = PBXBuildFile; fileRef = F09DA1A61850741E00A4878C /* iut_logo1.png */; };
		F09DA1B21850741E00A4878C /* iut_logo2.png in Resources */ = {isa = PBXBuildFile; fileRef = F09DA1A71850741E00A4878C /* iut_logo2.png */; };
		F09DA1B31850741E00A4878C /* rss_logo.png in Resources */ = {isa = PBXBuildFile; fileRef = F09DA1A81850741E00A4878C /* rss_logo.png */; };
		F09DA1B41850741E00A4878C /* twitter_logo.png in Resources */ = {isa = PBXBuildFile; fileRef = F09DA1A91850741E00A4878C /* twitter_logo.png */; };
		F09DA1B6185074D200A4878C /* MapKit.framework in Frameworks */ = {isa = PBXBuildFile; fileRef = F09DA1B5185074D200A4878C /* MapKit.framework */; };
		F09DA1B9185078F000A4878C /* FacebookViewController.m in Sources */ = {isa = PBXBuildFile; fileRef = F09DA1B8185078F000A4878C /* FacebookViewController.m */; };
		F09DA1BC1850880600A4878C /* TwitterViewController.m in Sources */ = {isa = PBXBuildFile; fileRef = F09DA1BB1850880600A4878C /* TwitterViewController.m */; };
		F09DA1BF1850882E00A4878C /* GoogleViewController.m in Sources */ = {isa = PBXBuildFile; fileRef = F09DA1BE1850882E00A4878C /* GoogleViewController.m */; };
		F09DA1C21850884B00A4878C /* ItineraireViewController.m in Sources */ = {isa = PBXBuildFile; fileRef = F09DA1C11850884B00A4878C /* ItineraireViewController.m */; };

/* End PBXBuildFile section */

/* Begin PBXContainerItemProxy section */
		F00ECEAD184CC14E00C2B668 /* PBXContainerItemProxy */ = {
			isa = PBXContainerItemProxy;
			containerPortal = F00ECE7C184CC14D00C2B668 /* Project object */;
			proxyType = 1;
			remoteGlobalIDString = F00ECE83184CC14D00C2B668;
			remoteInfo = ApllicationIUT;
		};
/* End PBXContainerItemProxy section */

/* Begin PBXFileReference section */
		F00ECE84184CC14D00C2B668 /* ApllicationIUT.app */ = {isa = PBXFileReference; explicitFileType = wrapper.application; includeInIndex = 0; path = ApllicationIUT.app; sourceTree = BUILT_PRODUCTS_DIR; };
		F00ECE87184CC14D00C2B668 /* Foundation.framework */ = {isa = PBXFileReference; lastKnownFileType = wrapper.framework; name = Foundation.framework; path = System/Library/Frameworks/Foundation.framework; sourceTree = SDKROOT; };
		F00ECE89184CC14D00C2B668 /* CoreGraphics.framework */ = {isa = PBXFileReference; lastKnownFileType = wrapper.framework; name = CoreGraphics.framework; path = System/Library/Frameworks/CoreGraphics.framework; sourceTree = SDKROOT; };
		F00ECE8B184CC14D00C2B668 /* UIKit.framework */ = {isa = PBXFileReference; lastKnownFileType = wrapper.framework; name = UIKit.framework; path = System/Library/Frameworks/UIKit.framework; sourceTree = SDKROOT; };
		F00ECE8F184CC14D00C2B668 /* ApllicationIUT-Info.plist */ = {isa = PBXFileReference; lastKnownFileType = text.plist.xml; path = "ApllicationIUT-Info.plist"; sourceTree = "<group>"; };
		F00ECE91184CC14D00C2B668 /* en */ = {isa = PBXFileReference; lastKnownFileType = text.plist.strings; name = en; path = en.lproj/InfoPlist.strings; sourceTree = "<group>"; };
		F00ECE93184CC14D00C2B668 /* main.m */ = {isa = PBXFileReference; lastKnownFileType = sourcecode.c.objc; path = main.m; sourceTree = "<group>"; };
		F00ECE95184CC14D00C2B668 /* ApllicationIUT-Prefix.pch */ = {isa = PBXFileReference; lastKnownFileType = sourcecode.c.h; path = "ApllicationIUT-Prefix.pch"; sourceTree = "<group>"; };
		F00ECE96184CC14D00C2B668 /* AppDelegate.h */ = {isa = PBXFileReference; lastKnownFileType = sourcecode.c.h; path = AppDelegate.h; sourceTree = "<group>"; };
		F00ECE97184CC14D00C2B668 /* AppDelegate.m */ = {isa = PBXFileReference; lastKnownFileType = sourcecode.c.objc; path = AppDelegate.m; sourceTree = "<group>"; };
		F00ECE9A184CC14D00C2B668 /* Base */ = {isa = PBXFileReference; lastKnownFileType = file.storyboard; name = Base; path = Base.lproj/Main.storyboard; sourceTree = "<group>"; };
		F00ECE9C184CC14D00C2B668 /* MasterViewController.h */ = {isa = PBXFileReference; lastKnownFileType = sourcecode.c.h; path = MasterViewController.h; sourceTree = "<group>"; };
		F00ECE9D184CC14D00C2B668 /* MasterViewController.m */ = {isa = PBXFileReference; lastKnownFileType = sourcecode.c.objc; path = MasterViewController.m; sourceTree = "<group>"; };
		F00ECE9F184CC14D00C2B668 /* DetailViewController.h */ = {isa = PBXFileReference; lastKnownFileType = sourcecode.c.h; path = DetailViewController.h; sourceTree = "<group>"; };
		F00ECEA0184CC14D00C2B668 /* DetailViewController.m */ = {isa = PBXFileReference; lastKnownFileType = sourcecode.c.objc; path = DetailViewController.m; sourceTree = "<group>"; };
		F00ECEA2184CC14D00C2B668 /* Images.xcassets */ = {isa = PBXFileReference; lastKnownFileType = folder.assetcatalog; path = Images.xcassets; sourceTree = "<group>"; };
		F00ECEA8184CC14E00C2B668 /* ApllicationIUTTests.xctest */ = {isa = PBXFileReference; explicitFileType = wrapper.cfbundle; includeInIndex = 0; path = ApllicationIUTTests.xctest; sourceTree = BUILT_PRODUCTS_DIR; };
		F00ECEA9184CC14E00C2B668 /* XCTest.framework */ = {isa = PBXFileReference; lastKnownFileType = wrapper.framework; name = XCTest.framework; path = Library/Frameworks/XCTest.framework; sourceTree = DEVELOPER_DIR; };
		F00ECEB1184CC14E00C2B668 /* ApllicationIUTTests-Info.plist */ = {isa = PBXFileReference; lastKnownFileType = text.plist.xml; path = "ApllicationIUTTests-Info.plist"; sourceTree = "<group>"; };
		F00ECEB3184CC14E00C2B668 /* en */ = {isa = PBXFileReference; lastKnownFileType = text.plist.strings; name = en; path = en.lproj/InfoPlist.strings; sourceTree = "<group>"; };
		F00ECEB5184CC14E00C2B668 /* ApllicationIUTTests.m */ = {isa = PBXFileReference; lastKnownFileType = sourcecode.c.objc; path = ApllicationIUTTests.m; sourceTree = "<group>"; };

		F0B3889718508B1F00DD4824 /* ecocampusTexte.h */ = {isa = PBXFileReference; fileEncoding = 4; lastKnownFileType = sourcecode.c.h; path = ecocampusTexte.h; sourceTree = "<group>"; };
		F0B3889818508B1F00DD4824 /* ecocampusTexte.m */ = {isa = PBXFileReference; fileEncoding = 4; lastKnownFileType = sourcecode.c.objc; path = ecocampusTexte.m; sourceTree = "<group>"; };
		F0FC06E5184CD01000875AB6 /* ecocampusPrincipal.h */ = {isa = PBXFileReference; fileEncoding = 4; lastKnownFileType = sourcecode.c.h; path = ecocampusPrincipal.h; sourceTree = "<group>"; };
		F0FC06E6184CD01000875AB6 /* ecocampusPrincipal.m */ = {isa = PBXFileReference; fileEncoding = 4; lastKnownFileType = sourcecode.c.objc; path = ecocampusPrincipal.m; sourceTree = "<group>"; };
		F0FC06EE184CD13B00875AB6 /* ecocampusDL2.h */ = {isa = PBXFileReference; fileEncoding = 4; lastKnownFileType = sourcecode.c.h; path = ecocampusDL2.h; sourceTree = "<group>"; };
		F0FC06EF184CD13B00875AB6 /* ecocampusDL2.m */ = {isa = PBXFileReference; fileEncoding = 4; lastKnownFileType = sourcecode.c.objc; path = ecocampusDL2.m; sourceTree = "<group>"; };
		F0FC0737184E29EF00875AB6 /* IUTBM_quadri.jpg */ = {isa = PBXFileReference; lastKnownFileType = image.jpeg; name = IUTBM_quadri.jpg; path = ../../../Pictures/projTutLP/IUTBM_quadri.jpg; sourceTree = "<group>"; };
		F0FC0738184E29EF00875AB6 /* LOGO UFC_1.jpg */ = {isa = PBXFileReference; lastKnownFileType = image.jpeg; name = "LOGO UFC_1.jpg"; path = "../../../Pictures/projTutLP/LOGO UFC_1.jpg"; sourceTree = "<group>"; };
		F0FC0739184E29EF00875AB6 /* slideshow_cp_ecocampus.gif */ = {isa = PBXFileReference; lastKnownFileType = image.gif; name = slideshow_cp_ecocampus.gif; path = ../../../Pictures/projTutLP/slideshow_cp_ecocampus.gif; sourceTree = "<group>"; };
		F0FC073A184E29EF00875AB6 /* slideshow_logos.gif */ = {isa = PBXFileReference; lastKnownFileType = image.gif; name = slideshow_logos.gif; path = ../../../Pictures/projTutLP/slideshow_logos.gif; sourceTree = "<group>"; };
		F0FC073B184E29EF00875AB6 /* vignette_ss_challenge.gif */ = {isa = PBXFileReference; lastKnownFileType = image.gif; name = vignette_ss_challenge.gif; path = ../../../Pictures/projTutLP/vignette_ss_challenge.gif; sourceTree = "<group>"; };
		F0FC074518507B0100875AB6 /* ecocampusDL1.h */ = {isa = PBXFileReference; fileEncoding = 4; lastKnownFileType = sourcecode.c.h; path = ecocampusDL1.h; sourceTree = "<group>"; };
		F0FC074618507B0100875AB6 /* ecocampusDL1.m */ = {isa = PBXFileReference; fileEncoding = 4; lastKnownFileType = sourcecode.c.objc; path = ecocampusDL1.m; sourceTree = "<group>"; };

		F09DA19F1850741E00A4878C /* accueil_icone.png */ = {isa = PBXFileReference; lastKnownFileType = image.png; name = accueil_icone.png; path = ../Ressources/accueil_icone.png; sourceTree = "<group>"; };
		F09DA1A01850741E00A4878C /* agenda_icone.png */ = {isa = PBXFileReference; lastKnownFileType = image.png; name = agenda_icone.png; path = ../Ressources/agenda_icone.png; sourceTree = "<group>"; };
		F09DA1A11850741E00A4878C /* autres_icone.png */ = {isa = PBXFileReference; lastKnownFileType = image.png; name = autres_icone.png; path = ../Ressources/autres_icone.png; sourceTree = "<group>"; };
		F09DA1A21850741E00A4878C /* ecocampus_icone.png */ = {isa = PBXFileReference; lastKnownFileType = image.png; name = ecocampus_icone.png; path = ../Ressources/ecocampus_icone.png; sourceTree = "<group>"; };
		F09DA1A31850741E00A4878C /* facebook_logo.png */ = {isa = PBXFileReference; lastKnownFileType = image.png; name = facebook_logo.png; path = ../Ressources/facebook_logo.png; sourceTree = "<group>"; };
		F09DA1A41850741E00A4878C /* formations_icone.png */ = {isa = PBXFileReference; lastKnownFileType = image.png; name = formations_icone.png; path = ../Ressources/formations_icone.png; sourceTree = "<group>"; };
		F09DA1A51850741E00A4878C /* google_logo.png */ = {isa = PBXFileReference; lastKnownFileType = image.png; name = google_logo.png; path = ../Ressources/google_logo.png; sourceTree = "<group>"; };
		F09DA1A61850741E00A4878C /* iut_logo1.png */ = {isa = PBXFileReference; lastKnownFileType = image.png; name = iut_logo1.png; path = ../Ressources/iut_logo1.png; sourceTree = "<group>"; };
		F09DA1A71850741E00A4878C /* iut_logo2.png */ = {isa = PBXFileReference; lastKnownFileType = image.png; name = iut_logo2.png; path = ../Ressources/iut_logo2.png; sourceTree = "<group>"; };
		F09DA1A81850741E00A4878C /* rss_logo.png */ = {isa = PBXFileReference; lastKnownFileType = image.png; name = rss_logo.png; path = ../Ressources/rss_logo.png; sourceTree = "<group>"; };
		F09DA1A91850741E00A4878C /* twitter_logo.png */ = {isa = PBXFileReference; lastKnownFileType = image.png; name = twitter_logo.png; path = ../Ressources/twitter_logo.png; sourceTree = "<group>"; };
		F09DA1B5185074D200A4878C /* MapKit.framework */ = {isa = PBXFileReference; lastKnownFileType = wrapper.framework; name = MapKit.framework; path = System/Library/Frameworks/MapKit.framework; sourceTree = SDKROOT; };
		F09DA1B7185078F000A4878C /* FacebookViewController.h */ = {isa = PBXFileReference; fileEncoding = 4; lastKnownFileType = sourcecode.c.h; path = FacebookViewController.h; sourceTree = "<group>"; };
		F09DA1B8185078F000A4878C /* FacebookViewController.m */ = {isa = PBXFileReference; fileEncoding = 4; lastKnownFileType = sourcecode.c.objc; path = FacebookViewController.m; sourceTree = "<group>"; };
		F09DA1BA1850880600A4878C /* TwitterViewController.h */ = {isa = PBXFileReference; fileEncoding = 4; lastKnownFileType = sourcecode.c.h; path = TwitterViewController.h; sourceTree = "<group>"; };
		F09DA1BB1850880600A4878C /* TwitterViewController.m */ = {isa = PBXFileReference; fileEncoding = 4; lastKnownFileType = sourcecode.c.objc; path = TwitterViewController.m; sourceTree = "<group>"; };
		F09DA1BD1850882E00A4878C /* GoogleViewController.h */ = {isa = PBXFileReference; fileEncoding = 4; lastKnownFileType = sourcecode.c.h; path = GoogleViewController.h; sourceTree = "<group>"; };
		F09DA1BE1850882E00A4878C /* GoogleViewController.m */ = {isa = PBXFileReference; fileEncoding = 4; lastKnownFileType = sourcecode.c.objc; path = GoogleViewController.m; sourceTree = "<group>"; };
		F09DA1C01850884B00A4878C /* ItineraireViewController.h */ = {isa = PBXFileReference; fileEncoding = 4; lastKnownFileType = sourcecode.c.h; path = ItineraireViewController.h; sourceTree = "<group>"; };
		F09DA1C11850884B00A4878C /* ItineraireViewController.m */ = {isa = PBXFileReference; fileEncoding = 4; lastKnownFileType = sourcecode.c.objc; path = ItineraireViewController.m; sourceTree = "<group>"; };

/* End PBXFileReference section */

/* Begin PBXFrameworksBuildPhase section */
		F00ECE81184CC14D00C2B668 /* Frameworks */ = {
			isa = PBXFrameworksBuildPhase;
			buildActionMask = 2147483647;
			files = (
				F09DA1B6185074D200A4878C /* MapKit.framework in Frameworks */,
				F00ECE8A184CC14D00C2B668 /* CoreGraphics.framework in Frameworks */,
				F00ECE8C184CC14D00C2B668 /* UIKit.framework in Frameworks */,
				F00ECE88184CC14D00C2B668 /* Foundation.framework in Frameworks */,
			);
			runOnlyForDeploymentPostprocessing = 0;
		};
		F00ECEA5184CC14E00C2B668 /* Frameworks */ = {
			isa = PBXFrameworksBuildPhase;
			buildActionMask = 2147483647;
			files = (
				F00ECEAA184CC14E00C2B668 /* XCTest.framework in Frameworks */,
				F00ECEAC184CC14E00C2B668 /* UIKit.framework in Frameworks */,
				F00ECEAB184CC14E00C2B668 /* Foundation.framework in Frameworks */,
			);
			runOnlyForDeploymentPostprocessing = 0;
		};
/* End PBXFrameworksBuildPhase section */

/* Begin PBXGroup section */
		F00ECE7B184CC14D00C2B668 = {
			isa = PBXGroup;
			children = (
				F09DA188184E3DBE00A4878C /* Ressources */,
				F00ECE8D184CC14D00C2B668 /* ApllicationIUT */,
				F00ECEAF184CC14E00C2B668 /* ApllicationIUTTests */,
				F00ECE86184CC14D00C2B668 /* Frameworks */,
				F00ECE85184CC14D00C2B668 /* Products */,
			);
			sourceTree = "<group>";
		};
		F00ECE85184CC14D00C2B668 /* Products */ = {
			isa = PBXGroup;
			children = (
				F00ECE84184CC14D00C2B668 /* ApllicationIUT.app */,
				F00ECEA8184CC14E00C2B668 /* ApllicationIUTTests.xctest */,
			);
			name = Products;
			sourceTree = "<group>";
		};
		F00ECE86184CC14D00C2B668 /* Frameworks */ = {
			isa = PBXGroup;
			children = (
				F09DA1B5185074D200A4878C /* MapKit.framework */,
				F00ECE87184CC14D00C2B668 /* Foundation.framework */,
				F00ECE89184CC14D00C2B668 /* CoreGraphics.framework */,
				F00ECE8B184CC14D00C2B668 /* UIKit.framework */,
				F00ECEA9184CC14E00C2B668 /* XCTest.framework */,
			);
			name = Frameworks;
			sourceTree = "<group>";
		};
		F00ECE8D184CC14D00C2B668 /* ApllicationIUT */ = {
			isa = PBXGroup;
			children = (
				F0FC0741184E2FF600875AB6 /* Ressources */,
				F00ECE96184CC14D00C2B668 /* AppDelegate.h */,
				F00ECE97184CC14D00C2B668 /* AppDelegate.m */,
				F00ECE99184CC14D00C2B668 /* Main.storyboard */,
				F00ECE9C184CC14D00C2B668 /* MasterViewController.h */,
				F00ECE9D184CC14D00C2B668 /* MasterViewController.m */,
				F00ECE9F184CC14D00C2B668 /* DetailViewController.h */,
				F00ECEA0184CC14D00C2B668 /* DetailViewController.m */,
				F00ECEA2184CC14D00C2B668 /* Images.xcassets */,
				F00ECE8E184CC14D00C2B668 /* Supporting Files */,
				F0FC06E5184CD01000875AB6 /* ecocampusPrincipal.h */,
				F0FC06E6184CD01000875AB6 /* ecocampusPrincipal.m */,
				F0FC06EE184CD13B00875AB6 /* ecocampusDL2.h */,
				F0FC06EF184CD13B00875AB6 /* ecocampusDL2.m */,
				F0FC074518507B0100875AB6 /* ecocampusDL1.h */,
				F0FC074618507B0100875AB6 /* ecocampusDL1.m */,
				F0B3889718508B1F00DD4824 /* ecocampusTexte.h */,
				F0B3889818508B1F00DD4824 /* ecocampusTexte.m */,
				F09DA1B7185078F000A4878C /* FacebookViewController.h */,
				F09DA1B8185078F000A4878C /* FacebookViewController.m */,
				F09DA1BA1850880600A4878C /* TwitterViewController.h */,
				F09DA1BB1850880600A4878C /* TwitterViewController.m */,
				F09DA1BD1850882E00A4878C /* GoogleViewController.h */,
				F09DA1BE1850882E00A4878C /* GoogleViewController.m */,
				F09DA1C01850884B00A4878C /* ItineraireViewController.h */,
				F09DA1C11850884B00A4878C /* ItineraireViewController.m */,

			);
			path = ApllicationIUT;
			sourceTree = "<group>";
		};
		F00ECE8E184CC14D00C2B668 /* Supporting Files */ = {
			isa = PBXGroup;
			children = (
				F00ECE8F184CC14D00C2B668 /* ApllicationIUT-Info.plist */,
				F00ECE90184CC14D00C2B668 /* InfoPlist.strings */,
				F00ECE93184CC14D00C2B668 /* main.m */,
				F00ECE95184CC14D00C2B668 /* ApllicationIUT-Prefix.pch */,
			);
			name = "Supporting Files";
			sourceTree = "<group>";
		};
		F00ECEAF184CC14E00C2B668 /* ApllicationIUTTests */ = {
			isa = PBXGroup;
			children = (
				F00ECEB5184CC14E00C2B668 /* ApllicationIUTTests.m */,
				F00ECEB0184CC14E00C2B668 /* Supporting Files */,
			);
			path = ApllicationIUTTests;
			sourceTree = "<group>";
		};
		F00ECEB0184CC14E00C2B668 /* Supporting Files */ = {
			isa = PBXGroup;
			children = (
				F00ECEB1184CC14E00C2B668 /* ApllicationIUTTests-Info.plist */,
				F00ECEB2184CC14E00C2B668 /* InfoPlist.strings */,
			);
			name = "Supporting Files";
			sourceTree = "<group>";
		};
		F0FC0741184E2FF600875AB6 /* Ressources */ = {
			isa = PBXGroup;
			children = (
				F0FC0737184E29EF00875AB6 /* IUTBM_quadri.jpg */,
				F0FC0738184E29EF00875AB6 /* LOGO UFC_1.jpg */,
				F0FC0739184E29EF00875AB6 /* slideshow_cp_ecocampus.gif */,
				F0FC073A184E29EF00875AB6 /* slideshow_logos.gif */,
				F0FC073B184E29EF00875AB6 /* vignette_ss_challenge.gif */,

		F09DA188184E3DBE00A4878C /* Ressources */ = {
			isa = PBXGroup;
			children = (
				F09DA19F1850741E00A4878C /* accueil_icone.png */,
				F09DA1A01850741E00A4878C /* agenda_icone.png */,
				F09DA1A11850741E00A4878C /* autres_icone.png */,
				F09DA1A21850741E00A4878C /* ecocampus_icone.png */,
				F09DA1A31850741E00A4878C /* facebook_logo.png */,
				F09DA1A41850741E00A4878C /* formations_icone.png */,
				F09DA1A51850741E00A4878C /* google_logo.png */,
				F09DA1A61850741E00A4878C /* iut_logo1.png */,
				F09DA1A71850741E00A4878C /* iut_logo2.png */,
				F09DA1A81850741E00A4878C /* rss_logo.png */,
				F09DA1A91850741E00A4878C /* twitter_logo.png */,

			);
			name = Ressources;
			sourceTree = "<group>";
		};
/* End PBXGroup section */

/* Begin PBXNativeTarget section */
		F00ECE83184CC14D00C2B668 /* ApllicationIUT */ = {
			isa = PBXNativeTarget;
			buildConfigurationList = F00ECEB9184CC14E00C2B668 /* Build configuration list for PBXNativeTarget "ApllicationIUT" */;
			buildPhases = (
				F00ECE80184CC14D00C2B668 /* Sources */,
				F00ECE81184CC14D00C2B668 /* Frameworks */,
				F00ECE82184CC14D00C2B668 /* Resources */,
			);
			buildRules = (
			);
			dependencies = (
			);
			name = ApllicationIUT;
			productName = ApllicationIUT;
			productReference = F00ECE84184CC14D00C2B668 /* ApllicationIUT.app */;
			productType = "com.apple.product-type.application";
		};
		F00ECEA7184CC14E00C2B668 /* ApllicationIUTTests */ = {
			isa = PBXNativeTarget;
			buildConfigurationList = F00ECEBC184CC14E00C2B668 /* Build configuration list for PBXNativeTarget "ApllicationIUTTests" */;
			buildPhases = (
				F00ECEA4184CC14E00C2B668 /* Sources */,
				F00ECEA5184CC14E00C2B668 /* Frameworks */,
				F00ECEA6184CC14E00C2B668 /* Resources */,
			);
			buildRules = (
			);
			dependencies = (
				F00ECEAE184CC14E00C2B668 /* PBXTargetDependency */,
			);
			name = ApllicationIUTTests;
			productName = ApllicationIUTTests;
			productReference = F00ECEA8184CC14E00C2B668 /* ApllicationIUTTests.xctest */;
			productType = "com.apple.product-type.bundle.unit-test";
		};
/* End PBXNativeTarget section */

/* Begin PBXProject section */
		F00ECE7C184CC14D00C2B668 /* Project object */ = {
			isa = PBXProject;
			attributes = {
				LastUpgradeCheck = 0500;
				ORGANIZATIONNAME = projetlp2013;
				TargetAttributes = {
					F00ECEA7184CC14E00C2B668 = {
						TestTargetID = F00ECE83184CC14D00C2B668;
					};
				};
			};
			buildConfigurationList = F00ECE7F184CC14D00C2B668 /* Build configuration list for PBXProject "ApllicationIUT" */;
			compatibilityVersion = "Xcode 3.2";
			developmentRegion = English;
			hasScannedForEncodings = 0;
			knownRegions = (
				en,
				Base,
			);
			mainGroup = F00ECE7B184CC14D00C2B668;
			productRefGroup = F00ECE85184CC14D00C2B668 /* Products */;
			projectDirPath = "";
			projectRoot = "";
			targets = (
				F00ECE83184CC14D00C2B668 /* ApllicationIUT */,
				F00ECEA7184CC14E00C2B668 /* ApllicationIUTTests */,
			);
		};
/* End PBXProject section */

/* Begin PBXResourcesBuildPhase section */
		F00ECE82184CC14D00C2B668 /* Resources */ = {
			isa = PBXResourcesBuildPhase;
			buildActionMask = 2147483647;
			files = (
				F00ECEA3184CC14D00C2B668 /* Images.xcassets in Resources */,

				F0FC073F184E29EF00875AB6 /* slideshow_logos.gif in Resources */,
				F0FC0740184E29EF00875AB6 /* vignette_ss_challenge.gif in Resources */,
				F0FC073C184E29EF00875AB6 /* IUTBM_quadri.jpg in Resources */,
				F00ECE92184CC14D00C2B668 /* InfoPlist.strings in Resources */,
				F0FC073D184E29EF00875AB6 /* LOGO UFC_1.jpg in Resources */,
				F00ECE9B184CC14D00C2B668 /* Main.storyboard in Resources */,
				F0FC073E184E29EF00875AB6 /* slideshow_cp_ecocampus.gif in Resources */,

				F09DA1B31850741E00A4878C /* rss_logo.png in Resources */,
				F00ECE92184CC14D00C2B668 /* InfoPlist.strings in Resources */,
				F09DA1AC1850741E00A4878C /* autres_icone.png in Resources */,
				F09DA1B41850741E00A4878C /* twitter_logo.png in Resources */,
				F09DA1B11850741E00A4878C /* iut_logo1.png in Resources */,
				F09DA1B21850741E00A4878C /* iut_logo2.png in Resources */,
				F00ECE9B184CC14D00C2B668 /* Main.storyboard in Resources */,
				F09DA1AF1850741E00A4878C /* formations_icone.png in Resources */,
				F09DA1AB1850741E00A4878C /* agenda_icone.png in Resources */,
				F09DA1AA1850741E00A4878C /* accueil_icone.png in Resources */,
				F09DA1B01850741E00A4878C /* google_logo.png in Resources */,
				F09DA1AE1850741E00A4878C /* facebook_logo.png in Resources */,
				F09DA1AD1850741E00A4878C /* ecocampus_icone.png in Resources */,

			);
			runOnlyForDeploymentPostprocessing = 0;
		};
		F00ECEA6184CC14E00C2B668 /* Resources */ = {
			isa = PBXResourcesBuildPhase;
			buildActionMask = 2147483647;
			files = (
				F00ECEB4184CC14E00C2B668 /* InfoPlist.strings in Resources */,
			);
			runOnlyForDeploymentPostprocessing = 0;
		};
/* End PBXResourcesBuildPhase section */

/* Begin PBXSourcesBuildPhase section */
		F00ECE80184CC14D00C2B668 /* Sources */ = {
			isa = PBXSourcesBuildPhase;
			buildActionMask = 2147483647;
			files = (
				F09DA1C21850884B00A4878C /* ItineraireViewController.m in Sources */,
				F00ECE98184CC14D00C2B668 /* AppDelegate.m in Sources */,
				F00ECE9E184CC14D00C2B668 /* MasterViewController.m in Sources */,
				F0FC074718507B0100875AB6 /* ecocampusDL1.m in Sources */,
				F00ECE94184CC14D00C2B668 /* main.m in Sources */,
				F0FC06F0184CD13B00875AB6 /* ecocampusDL2.m in Sources */,
				F0B3889918508B1F00DD4824 /* ecocampusTexte.m in Sources */,
				F0FC06E7184CD01000875AB6 /* ecocampusPrincipal.m in Sources */,
				F09DA1B9185078F000A4878C /* FacebookViewController.m in Sources */,
				F09DA1BC1850880600A4878C /* TwitterViewController.m in Sources */,
				F09DA1BF1850882E00A4878C /* GoogleViewController.m in Sources */,
				F00ECEA1184CC14D00C2B668 /* DetailViewController.m in Sources */,
			);
			runOnlyForDeploymentPostprocessing = 0;
		};
		F00ECEA4184CC14E00C2B668 /* Sources */ = {
			isa = PBXSourcesBuildPhase;
			buildActionMask = 2147483647;
			files = (
				F00ECEB6184CC14E00C2B668 /* ApllicationIUTTests.m in Sources */,
			);
			runOnlyForDeploymentPostprocessing = 0;
		};
/* End PBXSourcesBuildPhase section */

/* Begin PBXTargetDependency section */
		F00ECEAE184CC14E00C2B668 /* PBXTargetDependency */ = {
			isa = PBXTargetDependency;
			target = F00ECE83184CC14D00C2B668 /* ApllicationIUT */;
			targetProxy = F00ECEAD184CC14E00C2B668 /* PBXContainerItemProxy */;
		};
/* End PBXTargetDependency section */

/* Begin PBXVariantGroup section */
		F00ECE90184CC14D00C2B668 /* InfoPlist.strings */ = {
			isa = PBXVariantGroup;
			children = (
				F00ECE91184CC14D00C2B668 /* en */,
			);
			name = InfoPlist.strings;
			sourceTree = "<group>";
		};
		F00ECE99184CC14D00C2B668 /* Main.storyboard */ = {
			isa = PBXVariantGroup;
			children = (
				F00ECE9A184CC14D00C2B668 /* Base */,
			);
			name = Main.storyboard;
			sourceTree = "<group>";
		};
		F00ECEB2184CC14E00C2B668 /* InfoPlist.strings */ = {
			isa = PBXVariantGroup;
			children = (
				F00ECEB3184CC14E00C2B668 /* en */,
			);
			name = InfoPlist.strings;
			sourceTree = "<group>";
		};
/* End PBXVariantGroup section */

/* Begin XCBuildConfiguration section */
		F00ECEB7184CC14E00C2B668 /* Debug */ = {
			isa = XCBuildConfiguration;
			buildSettings = {
				ALWAYS_SEARCH_USER_PATHS = NO;
				ARCHS = "$(ARCHS_STANDARD_INCLUDING_64_BIT)";
				CLANG_CXX_LANGUAGE_STANDARD = "gnu++0x";
				CLANG_CXX_LIBRARY = "libc++";
				CLANG_ENABLE_MODULES = YES;
				CLANG_ENABLE_OBJC_ARC = YES;
				CLANG_WARN_BOOL_CONVERSION = YES;
				CLANG_WARN_CONSTANT_CONVERSION = YES;
				CLANG_WARN_DIRECT_OBJC_ISA_USAGE = YES_ERROR;
				CLANG_WARN_EMPTY_BODY = YES;
				CLANG_WARN_ENUM_CONVERSION = YES;
				CLANG_WARN_INT_CONVERSION = YES;
				CLANG_WARN_OBJC_ROOT_CLASS = YES_ERROR;
				CLANG_WARN__DUPLICATE_METHOD_MATCH = YES;
				"CODE_SIGN_IDENTITY[sdk=iphoneos*]" = "iPhone Developer";
				COPY_PHASE_STRIP = NO;
				GCC_C_LANGUAGE_STANDARD = gnu99;
				GCC_DYNAMIC_NO_PIC = NO;
				GCC_OPTIMIZATION_LEVEL = 0;
				GCC_PREPROCESSOR_DEFINITIONS = (
					"DEBUG=1",
					"$(inherited)",
				);
				GCC_SYMBOLS_PRIVATE_EXTERN = NO;
				GCC_WARN_64_TO_32_BIT_CONVERSION = YES;
				GCC_WARN_ABOUT_RETURN_TYPE = YES_ERROR;
				GCC_WARN_UNDECLARED_SELECTOR = YES;
				GCC_WARN_UNINITIALIZED_AUTOS = YES;
				GCC_WARN_UNUSED_FUNCTION = YES;
				GCC_WARN_UNUSED_VARIABLE = YES;
				IPHONEOS_DEPLOYMENT_TARGET = 7.0;
				ONLY_ACTIVE_ARCH = YES;
				SDKROOT = iphoneos;
			};
			name = Debug;
		};
		F00ECEB8184CC14E00C2B668 /* Release */ = {
			isa = XCBuildConfiguration;
			buildSettings = {
				ALWAYS_SEARCH_USER_PATHS = NO;
				ARCHS = "$(ARCHS_STANDARD_INCLUDING_64_BIT)";
				CLANG_CXX_LANGUAGE_STANDARD = "gnu++0x";
				CLANG_CXX_LIBRARY = "libc++";
				CLANG_ENABLE_MODULES = YES;
				CLANG_ENABLE_OBJC_ARC = YES;
				CLANG_WARN_BOOL_CONVERSION = YES;
				CLANG_WARN_CONSTANT_CONVERSION = YES;
				CLANG_WARN_DIRECT_OBJC_ISA_USAGE = YES_ERROR;
				CLANG_WARN_EMPTY_BODY = YES;
				CLANG_WARN_ENUM_CONVERSION = YES;
				CLANG_WARN_INT_CONVERSION = YES;
				CLANG_WARN_OBJC_ROOT_CLASS = YES_ERROR;
				CLANG_WARN__DUPLICATE_METHOD_MATCH = YES;
				"CODE_SIGN_IDENTITY[sdk=iphoneos*]" = "iPhone Developer";
				COPY_PHASE_STRIP = YES;
				ENABLE_NS_ASSERTIONS = NO;
				GCC_C_LANGUAGE_STANDARD = gnu99;
				GCC_WARN_64_TO_32_BIT_CONVERSION = YES;
				GCC_WARN_ABOUT_RETURN_TYPE = YES_ERROR;
				GCC_WARN_UNDECLARED_SELECTOR = YES;
				GCC_WARN_UNINITIALIZED_AUTOS = YES;
				GCC_WARN_UNUSED_FUNCTION = YES;
				GCC_WARN_UNUSED_VARIABLE = YES;
				IPHONEOS_DEPLOYMENT_TARGET = 7.0;
				SDKROOT = iphoneos;
				VALIDATE_PRODUCT = YES;
			};
			name = Release;
		};
		F00ECEBA184CC14E00C2B668 /* Debug */ = {
			isa = XCBuildConfiguration;
			buildSettings = {
				ASSETCATALOG_COMPILER_LAUNCHIMAGE_NAME = LaunchImage;
				GCC_PRECOMPILE_PREFIX_HEADER = YES;
				GCC_PREFIX_HEADER = "ApllicationIUT/ApllicationIUT-Prefix.pch";
				INFOPLIST_FILE = "ApllicationIUT/ApllicationIUT-Info.plist";
				PRODUCT_NAME = ApllicationIUT;
				WRAPPER_EXTENSION = app;
			};
			name = Debug;
		};
		F00ECEBB184CC14E00C2B668 /* Release */ = {
			isa = XCBuildConfiguration;
			buildSettings = {
				ASSETCATALOG_COMPILER_LAUNCHIMAGE_NAME = LaunchImage;
				GCC_PRECOMPILE_PREFIX_HEADER = YES;
				GCC_PREFIX_HEADER = "ApllicationIUT/ApllicationIUT-Prefix.pch";
				INFOPLIST_FILE = "ApllicationIUT/ApllicationIUT-Info.plist";
				PRODUCT_NAME = ApllicationIUT;
				WRAPPER_EXTENSION = app;
			};
			name = Release;
		};
		F00ECEBD184CC14E00C2B668 /* Debug */ = {
			isa = XCBuildConfiguration;
			buildSettings = {
				ARCHS = "$(ARCHS_STANDARD_INCLUDING_64_BIT)";
				BUNDLE_LOADER = "$(BUILT_PRODUCTS_DIR)/ApllicationIUT.app/ApllicationIUT";
				FRAMEWORK_SEARCH_PATHS = (
					"$(SDKROOT)/Developer/Library/Frameworks",
					"$(inherited)",
					"$(DEVELOPER_FRAMEWORKS_DIR)",
				);
				GCC_PRECOMPILE_PREFIX_HEADER = YES;
				GCC_PREFIX_HEADER = "ApllicationIUT/ApllicationIUT-Prefix.pch";
				GCC_PREPROCESSOR_DEFINITIONS = (
					"DEBUG=1",
					"$(inherited)",
				);
				INFOPLIST_FILE = "ApllicationIUTTests/ApllicationIUTTests-Info.plist";
				PRODUCT_NAME = ApllicationIUTTests;
				TEST_HOST = "$(BUNDLE_LOADER)";
				WRAPPER_EXTENSION = xctest;
			};
			name = Debug;
		};
		F00ECEBE184CC14E00C2B668 /* Release */ = {
			isa = XCBuildConfiguration;
			buildSettings = {
				ARCHS = "$(ARCHS_STANDARD_INCLUDING_64_BIT)";
				BUNDLE_LOADER = "$(BUILT_PRODUCTS_DIR)/ApllicationIUT.app/ApllicationIUT";
				FRAMEWORK_SEARCH_PATHS = (
					"$(SDKROOT)/Developer/Library/Frameworks",
					"$(inherited)",
					"$(DEVELOPER_FRAMEWORKS_DIR)",
				);
				GCC_PRECOMPILE_PREFIX_HEADER = YES;
				GCC_PREFIX_HEADER = "ApllicationIUT/ApllicationIUT-Prefix.pch";
				INFOPLIST_FILE = "ApllicationIUTTests/ApllicationIUTTests-Info.plist";
				PRODUCT_NAME = ApllicationIUTTests;
				TEST_HOST = "$(BUNDLE_LOADER)";
				WRAPPER_EXTENSION = xctest;
			};
			name = Release;
		};
/* End XCBuildConfiguration section */

/* Begin XCConfigurationList section */
		F00ECE7F184CC14D00C2B668 /* Build configuration list for PBXProject "ApllicationIUT" */ = {
			isa = XCConfigurationList;
			buildConfigurations = (
				F00ECEB7184CC14E00C2B668 /* Debug */,
				F00ECEB8184CC14E00C2B668 /* Release */,
			);
			defaultConfigurationIsVisible = 0;
			defaultConfigurationName = Release;
		};
		F00ECEB9184CC14E00C2B668 /* Build configuration list for PBXNativeTarget "ApllicationIUT" */ = {
			isa = XCConfigurationList;
			buildConfigurations = (
				F00ECEBA184CC14E00C2B668 /* Debug */,
				F00ECEBB184CC14E00C2B668 /* Release */,
			);
			defaultConfigurationIsVisible = 0;
			defaultConfigurationName = Release;
		};
		F00ECEBC184CC14E00C2B668 /* Build configuration list for PBXNativeTarget "ApllicationIUTTests" */ = {
			isa = XCConfigurationList;
			buildConfigurations = (
				F00ECEBD184CC14E00C2B668 /* Debug */,
				F00ECEBE184CC14E00C2B668 /* Release */,
			);
			defaultConfigurationIsVisible = 0;
			defaultConfigurationName = Release;
		};
/* End XCConfigurationList section */
	};
	rootObject = F00ECE7C184CC14D00C2B668 /* Project object */;
}
