// !$*UTF8*$!
{
	archiveVersion = 1;
	classes = {
	};
	objectVersion = 46;
	objects = {

/* Begin PBXBuildFile section */
		F00ECE88184CC14D00C2B668 /* Foundation.framework in Frameworks */ = {isa = PBXBuildFile; fileRef = F00ECE87184CC14D00C2B668 /* Foundation.framework */; };
		F00ECE8A184CC14D00C2B668 /* CoreGraphics.framework in Frameworks */ = {isa = PBXBuildFile; fileRef = F00ECE89184CC14D00C2B668 /* CoreGraphics.framework */; };
		F00ECE8C184CC14D00C2B668 /* UIKit.framework in Frameworks */ = {isa = PBXBuildFile; fileRef = F00ECE8B184CC14D00C2B668 /* UIKit.framework */; };
		F00ECE92184CC14D00C2B668 /* InfoPlist.strings in Resources */ = {isa = PBXBuildFile; fileRef = F00ECE90184CC14D00C2B668 /* InfoPlist.strings */; };
		F00ECE94184CC14D00C2B668 /* main.m in Sources */ = {isa = PBXBuildFile; fileRef = F00ECE93184CC14D00C2B668 /* main.m */; };
		F00ECE98184CC14D00C2B668 /* AppDelegate.m in Sources */ = {isa = PBXBuildFile; fileRef = F00ECE97184CC14D00C2B668 /* AppDelegate.m */; };
		F00ECE9B184CC14D00C2B668 /* Main.storyboard in Resources */ = {isa = PBXBuildFile; fileRef = F00ECE99184CC14D00C2B668 /* Main.storyboard */; };
		F00ECE9E184CC14D00C2B668 /* MasterViewController.m in Sources */ = {isa = PBXBuildFile; fileRef = F00ECE9D184CC14D00C2B668 /* MasterViewController.m */; };
		F00ECEA1184CC14D00C2B668 /* DetailViewController.m in Sources */ = {isa = PBXBuildFile; fileRef = F00ECEA0184CC14D00C2B668 /* DetailViewController.m */; };
		F00ECEA3184CC14D00C2B668 /* Images.xcassets in Resources */ = {isa = PBXBuildFile; fileRef = F00ECEA2184CC14D00C2B668 /* Images.xcassets */; };
		F00ECEAA184CC14E00C2B668 /* XCTest.framework in Frameworks */ = {isa = PBXBuildFile; fileRef = F00ECEA9184CC14E00C2B668 /* XCTest.framework */; };
		F00ECEAB184CC14E00C2B668 /* Foundation.framework in Frameworks */ = {isa = PBXBuildFile; fileRef = F00ECE87184CC14D00C2B668 /* Foundation.framework */; };
		F00ECEAC184CC14E00C2B668 /* UIKit.framework in Frameworks */ = {isa = PBXBuildFile; fileRef = F00ECE8B184CC14D00C2B668 /* UIKit.framework */; };
		F00ECEB4184CC14E00C2B668 /* InfoPlist.strings in Resources */ = {isa = PBXBuildFile; fileRef = F00ECEB2184CC14E00C2B668 /* InfoPlist.strings */; };
		F00ECEB6184CC14E00C2B668 /* ApllicationIUTTests.m in Sources */ = {isa = PBXBuildFile; fileRef = F00ECEB5184CC14E00C2B668 /* ApllicationIUTTests.m */; };
<<<<<<< HEAD:ApllicationIUT.xcodeproj/project.pbxproj
		F0478F7E1859C941008A6303 /* pageAgendaViewController.m in Sources */ = {isa = PBXBuildFile; fileRef = F0478F7D1859C941008A6303 /* pageAgendaViewController.m */; };
		F0706034184E3534006DFC2D /* facebook_logo_detail-3.gif in Resources */ = {isa = PBXBuildFile; fileRef = F0706033184E3534006DFC2D /* facebook_logo_detail-3.gif */; };
		F0706036184E35A6006DFC2D /* skydb171.jpg in Resources */ = {isa = PBXBuildFile; fileRef = F0706035184E35A6006DFC2D /* skydb171.jpg */; };
		F0706041185074F3006DFC2D /* twitter_logo.png in Resources */ = {isa = PBXBuildFile; fileRef = F0706037185074F3006DFC2D /* twitter_logo.png */; };
		F0706042185074F3006DFC2D /* formations_icone.png in Resources */ = {isa = PBXBuildFile; fileRef = F0706038185074F3006DFC2D /* formations_icone.png */; };
		F0706043185074F3006DFC2D /* google_logo.png in Resources */ = {isa = PBXBuildFile; fileRef = F0706039185074F3006DFC2D /* google_logo.png */; };
		F0706044185074F3006DFC2D /* iut_logo1.png in Resources */ = {isa = PBXBuildFile; fileRef = F070603A185074F3006DFC2D /* iut_logo1.png */; };
		F0706045185074F3006DFC2D /* rss_logo.png in Resources */ = {isa = PBXBuildFile; fileRef = F070603B185074F3006DFC2D /* rss_logo.png */; };
		F0706046185074F3006DFC2D /* iut_logo2.png in Resources */ = {isa = PBXBuildFile; fileRef = F070603C185074F3006DFC2D /* iut_logo2.png */; };
		F0706047185074F3006DFC2D /* facebook_logo.png in Resources */ = {isa = PBXBuildFile; fileRef = F070603D185074F3006DFC2D /* facebook_logo.png */; };
		F0706048185074F3006DFC2D /* ecocampus_icone.png in Resources */ = {isa = PBXBuildFile; fileRef = F070603E185074F3006DFC2D /* ecocampus_icone.png */; };
		F0706049185074F3006DFC2D /* autres_icone.png in Resources */ = {isa = PBXBuildFile; fileRef = F070603F185074F3006DFC2D /* autres_icone.png */; };
		F070604A185074F3006DFC2D /* accueil_icone.png in Resources */ = {isa = PBXBuildFile; fileRef = F0706040185074F3006DFC2D /* accueil_icone.png */; };
		F070604C18507667006DFC2D /* LOGO UFC_1.jpg in Resources */ = {isa = PBXBuildFile; fileRef = F070604B18507667006DFC2D /* LOGO UFC_1.jpg */; };
		F070604E185076BE006DFC2D /* IUTBM_quadri.jpg in Resources */ = {isa = PBXBuildFile; fileRef = F070604D185076BE006DFC2D /* IUTBM_quadri.jpg */; };
		F070605018507AE2006DFC2D /* agenda_icone.png in Resources */ = {isa = PBXBuildFile; fileRef = F070604F18507AE2006DFC2D /* agenda_icone.png */; };
		F0994CC4184CD0F200AB253B /* pagePrincipaleFormationViewController.m in Sources */ = {isa = PBXBuildFile; fileRef = F0994CC3184CD0F200AB253B /* pagePrincipaleFormationViewController.m */; };
		F0C5E6E118571417005CDB39 /* pageLicenceASSViewController.m in Sources */ = {isa = PBXBuildFile; fileRef = F0C5E6E018571417005CDB39 /* pageLicenceASSViewController.m */; };
		F0C5E6E41857144C005CDB39 /* pageLicenceCTPEBViewController.m in Sources */ = {isa = PBXBuildFile; fileRef = F0C5E6E31857144C005CDB39 /* pageLicenceCTPEBViewController.m */; };
		F0C5E6E718571463005CDB39 /* pageLicenceEnRViewController.m in Sources */ = {isa = PBXBuildFile; fileRef = F0C5E6E618571463005CDB39 /* pageLicenceEnRViewController.m */; };
		F0C5E6EA18571480005CDB39 /* pageLicenceFVPIViewController.m in Sources */ = {isa = PBXBuildFile; fileRef = F0C5E6E918571480005CDB39 /* pageLicenceFVPIViewController.m */; };
		F0C5E6EE1857149E005CDB39 /* pageLicenceVEGAViewController.m in Sources */ = {isa = PBXBuildFile; fileRef = F0C5E6ED1857149E005CDB39 /* pageLicenceVEGAViewController.m */; };
		F0C5E6F1185714E1005CDB39 /* pageLicenceTICaMaCoViewController.m in Sources */ = {isa = PBXBuildFile; fileRef = F0C5E6F0185714E1005CDB39 /* pageLicenceTICaMaCoViewController.m */; };
		F0C5E6F418571589005CDB39 /* pageLicenceADIOViewController.m in Sources */ = {isa = PBXBuildFile; fileRef = F0C5E6F318571589005CDB39 /* pageLicenceADIOViewController.m */; };
		F0C5E6F7185715AB005CDB39 /* pageLicenceCIMViewController.m in Sources */ = {isa = PBXBuildFile; fileRef = F0C5E6F6185715AB005CDB39 /* pageLicenceCIMViewController.m */; };
		F0C5E6FA185715F6005CDB39 /* pageLicenceCARTViewController.m in Sources */ = {isa = PBXBuildFile; fileRef = F0C5E6F9185715F6005CDB39 /* pageLicenceCARTViewController.m */; };
		F0C5E6FD18571605005CDB39 /* pageLicenceDORAViewController.m in Sources */ = {isa = PBXBuildFile; fileRef = F0C5E6FC18571605005CDB39 /* pageLicenceDORAViewController.m */; };
		F0C5E70018571621005CDB39 /* pageLicenceMOSELViewController.m in Sources */ = {isa = PBXBuildFile; fileRef = F0C5E6FF18571621005CDB39 /* pageLicenceMOSELViewController.m */; };
		F0C5E7031857163B005CDB39 /* pageLicenceWDViewController.m in Sources */ = {isa = PBXBuildFile; fileRef = F0C5E7021857163B005CDB39 /* pageLicenceWDViewController.m */; };
		F0C5E70618575480005CDB39 /* pageLicenceTeprowViewController.m in Sources */ = {isa = PBXBuildFile; fileRef = F0C5E70518575480005CDB39 /* pageLicenceTeprowViewController.m */; };
		F0C5E70918575BD4005CDB39 /* LicenceVEGAGraph2.png in Resources */ = {isa = PBXBuildFile; fileRef = F0C5E70718575BD4005CDB39 /* LicenceVEGAGraph2.png */; };
		F0C5E70A18575BD4005CDB39 /* LicenceVEGAGraph1.png in Resources */ = {isa = PBXBuildFile; fileRef = F0C5E70818575BD4005CDB39 /* LicenceVEGAGraph1.png */; };
		F0CB68691850878A0041544F /* pagePresentationDUTASSViewController.m in Sources */ = {isa = PBXBuildFile; fileRef = F0CB68681850878A0041544F /* pagePresentationDUTASSViewController.m */; };
		F0CB686F1850925E0041544F /* pagePresentationGCViewController.m in Sources */ = {isa = PBXBuildFile; fileRef = F0CB686E1850925E0041544F /* pagePresentationGCViewController.m */; };
		F0CB6872185097660041544F /* pageDUTINFOViewController.m in Sources */ = {isa = PBXBuildFile; fileRef = F0CB6871185097660041544F /* pageDUTINFOViewController.m */; };
		F0CB68781850B89A0041544F /* pageDUTGEIIViewController.m in Sources */ = {isa = PBXBuildFile; fileRef = F0CB68771850B89A0041544F /* pageDUTGEIIViewController.m */; };
		F0CB687B1850BE730041544F /* pageDUTGUViewController.m in Sources */ = {isa = PBXBuildFile; fileRef = F0CB687A1850BE730041544F /* pageDUTGUViewController.m */; };
		F0CB687E1850BE8C0041544F /* pageDUTSaPViewController.m in Sources */ = {isa = PBXBuildFile; fileRef = F0CB687D1850BE8C0041544F /* pageDUTSaPViewController.m */; };
		F0CB68811850BEB90041544F /* pageDUTGTEViewController.m in Sources */ = {isa = PBXBuildFile; fileRef = F0CB68801850BEB90041544F /* pageDUTGTEViewController.m */; };
		F0CB68841850BED90041544F /* pageDUTTechCoViewController.m in Sources */ = {isa = PBXBuildFile; fileRef = F0CB68831850BED90041544F /* pageDUTTechCoViewController.m */; };
		F0CB68871850BEF20041544F /* pageDUTGACOViewController.m in Sources */ = {isa = PBXBuildFile; fileRef = F0CB68861850BEF20041544F /* pageDUTGACOViewController.m */; };
		F0CB688A1850BF000041544F /* pageDUTMPViewController.m in Sources */ = {isa = PBXBuildFile; fileRef = F0CB68891850BF000041544F /* pageDUTMPViewController.m */; };
		F0CB688D1850BF150041544F /* pageDUTRTViewController.m in Sources */ = {isa = PBXBuildFile; fileRef = F0CB688C1850BF150041544F /* pageDUTRTViewController.m */; };
		F0CB68901850BF250041544F /* pageDUTMMIViewController.m in Sources */ = {isa = PBXBuildFile; fileRef = F0CB688F1850BF250041544F /* pageDUTMMIViewController.m */; };
=======
		F010C1801859FA37000D28CA /* contacts_logo.png in Resources */ = {isa = PBXBuildFile; fileRef = F010C17C1859FA37000D28CA /* contacts_logo.png */; };
		F010C1811859FA37000D28CA /* english_logo.png in Resources */ = {isa = PBXBuildFile; fileRef = F010C17D1859FA37000D28CA /* english_logo.png */; };
		F010C1821859FA37000D28CA /* itineraire_logo.png in Resources */ = {isa = PBXBuildFile; fileRef = F010C17E1859FA37000D28CA /* itineraire_logo.png */; };
		F010C1831859FA37000D28CA /* liens_logo.png in Resources */ = {isa = PBXBuildFile; fileRef = F010C17F1859FA37000D28CA /* liens_logo.png */; };
		F010C19E185A0572000D28CA /* URLViewController.m in Sources */ = {isa = PBXBuildFile; fileRef = F010C19D185A0572000D28CA /* URLViewController.m */; };
		F010C1A4185A0FA5000D28CA /* TestTableViewController.m in Sources */ = {isa = PBXBuildFile; fileRef = F010C1A3185A0FA5000D28CA /* TestTableViewController.m */; };
		F0570E3B18571006004AEF4D /* ContactViewController.m in Sources */ = {isa = PBXBuildFile; fileRef = F0570E3A18571006004AEF4D /* ContactViewController.m */; };
		F09DA1AA1850741E00A4878C /* accueil_icone.png in Resources */ = {isa = PBXBuildFile; fileRef = F09DA19F1850741E00A4878C /* accueil_icone.png */; };
		F09DA1AC1850741E00A4878C /* autres_icone.png in Resources */ = {isa = PBXBuildFile; fileRef = F09DA1A11850741E00A4878C /* autres_icone.png */; };
		F09DA1AD1850741E00A4878C /* ecocampus_icone.png in Resources */ = {isa = PBXBuildFile; fileRef = F09DA1A21850741E00A4878C /* ecocampus_icone.png */; };
		F09DA1AE1850741E00A4878C /* facebook_logo.png in Resources */ = {isa = PBXBuildFile; fileRef = F09DA1A31850741E00A4878C /* facebook_logo.png */; };
		F09DA1AF1850741E00A4878C /* formations_icone.png in Resources */ = {isa = PBXBuildFile; fileRef = F09DA1A41850741E00A4878C /* formations_icone.png */; };
		F09DA1B01850741E00A4878C /* google_logo.png in Resources */ = {isa = PBXBuildFile; fileRef = F09DA1A51850741E00A4878C /* google_logo.png */; };
		F09DA1B41850741E00A4878C /* twitter_logo.png in Resources */ = {isa = PBXBuildFile; fileRef = F09DA1A91850741E00A4878C /* twitter_logo.png */; };
		F09DA1B6185074D200A4878C /* MapKit.framework in Frameworks */ = {isa = PBXBuildFile; fileRef = F09DA1B5185074D200A4878C /* MapKit.framework */; };
		F09DA1B9185078F000A4878C /* FacebookViewController.m in Sources */ = {isa = PBXBuildFile; fileRef = F09DA1B8185078F000A4878C /* FacebookViewController.m */; };
		F09DA1BC1850880600A4878C /* TwitterViewController.m in Sources */ = {isa = PBXBuildFile; fileRef = F09DA1BB1850880600A4878C /* TwitterViewController.m */; };
		F09DA1BF1850882E00A4878C /* GoogleViewController.m in Sources */ = {isa = PBXBuildFile; fileRef = F09DA1BE1850882E00A4878C /* GoogleViewController.m */; };
		F09DA1C21850884B00A4878C /* ItineraireViewController.m in Sources */ = {isa = PBXBuildFile; fileRef = F09DA1C11850884B00A4878C /* ItineraireViewController.m */; };
		F09DA1C9185207C300A4878C /* iut_logo58.png in Resources */ = {isa = PBXBuildFile; fileRef = F09DA1C6185207C300A4878C /* iut_logo58.png */; };
		F09DA1CA185207C300A4878C /* iut_logo80.png in Resources */ = {isa = PBXBuildFile; fileRef = F09DA1C7185207C300A4878C /* iut_logo80.png */; };
		F09DA1CB185207C300A4878C /* iut_logo120.png in Resources */ = {isa = PBXBuildFile; fileRef = F09DA1C8185207C300A4878C /* iut_logo120.png */; };
		F09DA1CD1852081400A4878C /* agenda_icone.png in Resources */ = {isa = PBXBuildFile; fileRef = F09DA1CC1852081400A4878C /* agenda_icone.png */; };
>>>>>>> b285ba6d3df4fb9965fd00fda475c4edafc9c402:mont.bel.iut.xcodeproj/project.pbxproj
/* End PBXBuildFile section */

/* Begin PBXContainerItemProxy section */
		F00ECEAD184CC14E00C2B668 /* PBXContainerItemProxy */ = {
			isa = PBXContainerItemProxy;
			containerPortal = F00ECE7C184CC14D00C2B668 /* Project object */;
			proxyType = 1;
			remoteGlobalIDString = F00ECE83184CC14D00C2B668;
			remoteInfo = ApllicationIUT;
		};
/* End PBXContainerItemProxy section */

/* Begin PBXFileReference section */
		F00ECE84184CC14D00C2B668 /* mont.bel.iut.temp_caseinsensitive_rename.temp_caseinsensitive_rename.app */ = {isa = PBXFileReference; explicitFileType = wrapper.application; includeInIndex = 0; path = mont.bel.iut.temp_caseinsensitive_rename.temp_caseinsensitive_rename.app; sourceTree = BUILT_PRODUCTS_DIR; };
		F00ECE87184CC14D00C2B668 /* Foundation.framework */ = {isa = PBXFileReference; lastKnownFileType = wrapper.framework; name = Foundation.framework; path = System/Library/Frameworks/Foundation.framework; sourceTree = SDKROOT; };
		F00ECE89184CC14D00C2B668 /* CoreGraphics.framework */ = {isa = PBXFileReference; lastKnownFileType = wrapper.framework; name = CoreGraphics.framework; path = System/Library/Frameworks/CoreGraphics.framework; sourceTree = SDKROOT; };
		F00ECE8B184CC14D00C2B668 /* UIKit.framework */ = {isa = PBXFileReference; lastKnownFileType = wrapper.framework; name = UIKit.framework; path = System/Library/Frameworks/UIKit.framework; sourceTree = SDKROOT; };
		F00ECE8F184CC14D00C2B668 /* mont.bel.iut.temp_caseinsensitive_rename.temp_caseinsensitive_rename-Info.plist */ = {isa = PBXFileReference; lastKnownFileType = text.plist.xml; path = "mont.bel.iut.temp_caseinsensitive_rename.temp_caseinsensitive_rename-Info.plist"; sourceTree = "<group>"; };
		F00ECE91184CC14D00C2B668 /* en */ = {isa = PBXFileReference; lastKnownFileType = text.plist.strings; name = en; path = en.lproj/InfoPlist.strings; sourceTree = "<group>"; };
		F00ECE93184CC14D00C2B668 /* main.m */ = {isa = PBXFileReference; lastKnownFileType = sourcecode.c.objc; path = main.m; sourceTree = "<group>"; };
		F00ECE95184CC14D00C2B668 /* mont.bel.iut.temp_caseinsensitive_rename.temp_caseinsensitive_rename-Prefix.pch */ = {isa = PBXFileReference; lastKnownFileType = sourcecode.c.h; path = "mont.bel.iut.temp_caseinsensitive_rename.temp_caseinsensitive_rename-Prefix.pch"; sourceTree = "<group>"; };
		F00ECE96184CC14D00C2B668 /* AppDelegate.h */ = {isa = PBXFileReference; lastKnownFileType = sourcecode.c.h; path = AppDelegate.h; sourceTree = "<group>"; };
		F00ECE97184CC14D00C2B668 /* AppDelegate.m */ = {isa = PBXFileReference; lastKnownFileType = sourcecode.c.objc; path = AppDelegate.m; sourceTree = "<group>"; };
		F00ECE9A184CC14D00C2B668 /* Base */ = {isa = PBXFileReference; lastKnownFileType = file.storyboard; name = Base; path = Base.lproj/Main.storyboard; sourceTree = "<group>"; };
		F00ECE9C184CC14D00C2B668 /* MasterViewController.h */ = {isa = PBXFileReference; lastKnownFileType = sourcecode.c.h; path = MasterViewController.h; sourceTree = "<group>"; };
		F00ECE9D184CC14D00C2B668 /* MasterViewController.m */ = {isa = PBXFileReference; lastKnownFileType = sourcecode.c.objc; path = MasterViewController.m; sourceTree = "<group>"; };
		F00ECE9F184CC14D00C2B668 /* DetailViewController.h */ = {isa = PBXFileReference; lastKnownFileType = sourcecode.c.h; path = DetailViewController.h; sourceTree = "<group>"; };
		F00ECEA0184CC14D00C2B668 /* DetailViewController.m */ = {isa = PBXFileReference; lastKnownFileType = sourcecode.c.objc; path = DetailViewController.m; sourceTree = "<group>"; };
		F00ECEA2184CC14D00C2B668 /* Images.xcassets */ = {isa = PBXFileReference; lastKnownFileType = folder.assetcatalog; path = Images.xcassets; sourceTree = "<group>"; };
		F00ECEA8184CC14E00C2B668 /* mont.bel.iut.temp_caseinsensitive_rename.temp_caseinsensitive_renameTests.xctest */ = {isa = PBXFileReference; explicitFileType = wrapper.cfbundle; includeInIndex = 0; path = mont.bel.iut.temp_caseinsensitive_rename.temp_caseinsensitive_renameTests.xctest; sourceTree = BUILT_PRODUCTS_DIR; };
		F00ECEA9184CC14E00C2B668 /* XCTest.framework */ = {isa = PBXFileReference; lastKnownFileType = wrapper.framework; name = XCTest.framework; path = Library/Frameworks/XCTest.framework; sourceTree = DEVELOPER_DIR; };
		F00ECEB1184CC14E00C2B668 /* mont.bel.iut.temp_caseinsensitive_rename.temp_caseinsensitive_renameTests-Info.plist */ = {isa = PBXFileReference; lastKnownFileType = text.plist.xml; path = "mont.bel.iut.temp_caseinsensitive_rename.temp_caseinsensitive_renameTests-Info.plist"; sourceTree = "<group>"; };
		F00ECEB3184CC14E00C2B668 /* en */ = {isa = PBXFileReference; lastKnownFileType = text.plist.strings; name = en; path = en.lproj/InfoPlist.strings; sourceTree = "<group>"; };
		F00ECEB5184CC14E00C2B668 /* ApllicationIUTTests.m */ = {isa = PBXFileReference; lastKnownFileType = sourcecode.c.objc; path = ApllicationIUTTests.m; sourceTree = "<group>"; };
<<<<<<< HEAD:ApllicationIUT.xcodeproj/project.pbxproj
		F0478F7C1859C941008A6303 /* pageAgendaViewController.h */ = {isa = PBXFileReference; fileEncoding = 4; lastKnownFileType = sourcecode.c.h; path = pageAgendaViewController.h; sourceTree = "<group>"; };
		F0478F7D1859C941008A6303 /* pageAgendaViewController.m */ = {isa = PBXFileReference; fileEncoding = 4; lastKnownFileType = sourcecode.c.objc; path = pageAgendaViewController.m; sourceTree = "<group>"; };
		F0706033184E3534006DFC2D /* facebook_logo_detail-3.gif */ = {isa = PBXFileReference; lastKnownFileType = image.gif; path = "facebook_logo_detail-3.gif"; sourceTree = "<group>"; };
		F0706035184E35A6006DFC2D /* skydb171.jpg */ = {isa = PBXFileReference; lastKnownFileType = image.jpeg; path = skydb171.jpg; sourceTree = "<group>"; };
		F0706037185074F3006DFC2D /* twitter_logo.png */ = {isa = PBXFileReference; lastKnownFileType = image.png; path = twitter_logo.png; sourceTree = "<group>"; };
		F0706038185074F3006DFC2D /* formations_icone.png */ = {isa = PBXFileReference; lastKnownFileType = image.png; path = formations_icone.png; sourceTree = "<group>"; };
		F0706039185074F3006DFC2D /* google_logo.png */ = {isa = PBXFileReference; lastKnownFileType = image.png; path = google_logo.png; sourceTree = "<group>"; };
		F070603A185074F3006DFC2D /* iut_logo1.png */ = {isa = PBXFileReference; lastKnownFileType = image.png; path = iut_logo1.png; sourceTree = "<group>"; };
		F070603B185074F3006DFC2D /* rss_logo.png */ = {isa = PBXFileReference; lastKnownFileType = image.png; path = rss_logo.png; sourceTree = "<group>"; };
		F070603C185074F3006DFC2D /* iut_logo2.png */ = {isa = PBXFileReference; lastKnownFileType = image.png; path = iut_logo2.png; sourceTree = "<group>"; };
		F070603D185074F3006DFC2D /* facebook_logo.png */ = {isa = PBXFileReference; lastKnownFileType = image.png; path = facebook_logo.png; sourceTree = "<group>"; };
		F070603E185074F3006DFC2D /* ecocampus_icone.png */ = {isa = PBXFileReference; lastKnownFileType = image.png; path = ecocampus_icone.png; sourceTree = "<group>"; };
		F070603F185074F3006DFC2D /* autres_icone.png */ = {isa = PBXFileReference; lastKnownFileType = image.png; path = autres_icone.png; sourceTree = "<group>"; };
		F0706040185074F3006DFC2D /* accueil_icone.png */ = {isa = PBXFileReference; lastKnownFileType = image.png; path = accueil_icone.png; sourceTree = "<group>"; };
		F070604B18507667006DFC2D /* LOGO UFC_1.jpg */ = {isa = PBXFileReference; lastKnownFileType = image.jpeg; path = "LOGO UFC_1.jpg"; sourceTree = "<group>"; };
		F070604D185076BE006DFC2D /* IUTBM_quadri.jpg */ = {isa = PBXFileReference; lastKnownFileType = image.jpeg; path = IUTBM_quadri.jpg; sourceTree = "<group>"; };
		F070604F18507AE2006DFC2D /* agenda_icone.png */ = {isa = PBXFileReference; lastKnownFileType = image.png; path = agenda_icone.png; sourceTree = "<group>"; };
		F0994CC2184CD0F200AB253B /* pagePrincipaleFormationViewController.h */ = {isa = PBXFileReference; fileEncoding = 4; lastKnownFileType = sourcecode.c.h; path = pagePrincipaleFormationViewController.h; sourceTree = "<group>"; };
		F0994CC3184CD0F200AB253B /* pagePrincipaleFormationViewController.m */ = {isa = PBXFileReference; fileEncoding = 4; lastKnownFileType = sourcecode.c.objc; path = pagePrincipaleFormationViewController.m; sourceTree = "<group>"; };
		F0C5E6DF18571417005CDB39 /* pageLicenceASSViewController.h */ = {isa = PBXFileReference; fileEncoding = 4; lastKnownFileType = sourcecode.c.h; path = pageLicenceASSViewController.h; sourceTree = "<group>"; };
		F0C5E6E018571417005CDB39 /* pageLicenceASSViewController.m */ = {isa = PBXFileReference; fileEncoding = 4; lastKnownFileType = sourcecode.c.objc; path = pageLicenceASSViewController.m; sourceTree = "<group>"; };
		F0C5E6E21857144C005CDB39 /* pageLicenceCTPEBViewController.h */ = {isa = PBXFileReference; fileEncoding = 4; lastKnownFileType = sourcecode.c.h; path = pageLicenceCTPEBViewController.h; sourceTree = "<group>"; };
		F0C5E6E31857144C005CDB39 /* pageLicenceCTPEBViewController.m */ = {isa = PBXFileReference; fileEncoding = 4; lastKnownFileType = sourcecode.c.objc; path = pageLicenceCTPEBViewController.m; sourceTree = "<group>"; };
		F0C5E6E518571463005CDB39 /* pageLicenceEnRViewController.h */ = {isa = PBXFileReference; fileEncoding = 4; lastKnownFileType = sourcecode.c.h; path = pageLicenceEnRViewController.h; sourceTree = "<group>"; };
		F0C5E6E618571463005CDB39 /* pageLicenceEnRViewController.m */ = {isa = PBXFileReference; fileEncoding = 4; lastKnownFileType = sourcecode.c.objc; path = pageLicenceEnRViewController.m; sourceTree = "<group>"; };
		F0C5E6E818571480005CDB39 /* pageLicenceFVPIViewController.h */ = {isa = PBXFileReference; fileEncoding = 4; lastKnownFileType = sourcecode.c.h; path = pageLicenceFVPIViewController.h; sourceTree = "<group>"; };
		F0C5E6E918571480005CDB39 /* pageLicenceFVPIViewController.m */ = {isa = PBXFileReference; fileEncoding = 4; lastKnownFileType = sourcecode.c.objc; path = pageLicenceFVPIViewController.m; sourceTree = "<group>"; };
		F0C5E6EC1857149E005CDB39 /* pageLicenceVEGAViewController.h */ = {isa = PBXFileReference; fileEncoding = 4; lastKnownFileType = sourcecode.c.h; path = pageLicenceVEGAViewController.h; sourceTree = "<group>"; };
		F0C5E6ED1857149E005CDB39 /* pageLicenceVEGAViewController.m */ = {isa = PBXFileReference; fileEncoding = 4; lastKnownFileType = sourcecode.c.objc; path = pageLicenceVEGAViewController.m; sourceTree = "<group>"; };
		F0C5E6EF185714E1005CDB39 /* pageLicenceTICaMaCoViewController.h */ = {isa = PBXFileReference; fileEncoding = 4; lastKnownFileType = sourcecode.c.h; path = pageLicenceTICaMaCoViewController.h; sourceTree = "<group>"; };
		F0C5E6F0185714E1005CDB39 /* pageLicenceTICaMaCoViewController.m */ = {isa = PBXFileReference; fileEncoding = 4; lastKnownFileType = sourcecode.c.objc; path = pageLicenceTICaMaCoViewController.m; sourceTree = "<group>"; };
		F0C5E6F218571589005CDB39 /* pageLicenceADIOViewController.h */ = {isa = PBXFileReference; fileEncoding = 4; lastKnownFileType = sourcecode.c.h; path = pageLicenceADIOViewController.h; sourceTree = "<group>"; };
		F0C5E6F318571589005CDB39 /* pageLicenceADIOViewController.m */ = {isa = PBXFileReference; fileEncoding = 4; lastKnownFileType = sourcecode.c.objc; path = pageLicenceADIOViewController.m; sourceTree = "<group>"; };
		F0C5E6F5185715AB005CDB39 /* pageLicenceCIMViewController.h */ = {isa = PBXFileReference; fileEncoding = 4; lastKnownFileType = sourcecode.c.h; path = pageLicenceCIMViewController.h; sourceTree = "<group>"; };
		F0C5E6F6185715AB005CDB39 /* pageLicenceCIMViewController.m */ = {isa = PBXFileReference; fileEncoding = 4; lastKnownFileType = sourcecode.c.objc; path = pageLicenceCIMViewController.m; sourceTree = "<group>"; };
		F0C5E6F8185715F6005CDB39 /* pageLicenceCARTViewController.h */ = {isa = PBXFileReference; fileEncoding = 4; lastKnownFileType = sourcecode.c.h; path = pageLicenceCARTViewController.h; sourceTree = "<group>"; };
		F0C5E6F9185715F6005CDB39 /* pageLicenceCARTViewController.m */ = {isa = PBXFileReference; fileEncoding = 4; lastKnownFileType = sourcecode.c.objc; path = pageLicenceCARTViewController.m; sourceTree = "<group>"; };
		F0C5E6FB18571605005CDB39 /* pageLicenceDORAViewController.h */ = {isa = PBXFileReference; fileEncoding = 4; lastKnownFileType = sourcecode.c.h; path = pageLicenceDORAViewController.h; sourceTree = "<group>"; };
		F0C5E6FC18571605005CDB39 /* pageLicenceDORAViewController.m */ = {isa = PBXFileReference; fileEncoding = 4; lastKnownFileType = sourcecode.c.objc; path = pageLicenceDORAViewController.m; sourceTree = "<group>"; };
		F0C5E6FE18571621005CDB39 /* pageLicenceMOSELViewController.h */ = {isa = PBXFileReference; fileEncoding = 4; lastKnownFileType = sourcecode.c.h; path = pageLicenceMOSELViewController.h; sourceTree = "<group>"; };
		F0C5E6FF18571621005CDB39 /* pageLicenceMOSELViewController.m */ = {isa = PBXFileReference; fileEncoding = 4; lastKnownFileType = sourcecode.c.objc; path = pageLicenceMOSELViewController.m; sourceTree = "<group>"; };
		F0C5E7011857163B005CDB39 /* pageLicenceWDViewController.h */ = {isa = PBXFileReference; fileEncoding = 4; lastKnownFileType = sourcecode.c.h; path = pageLicenceWDViewController.h; sourceTree = "<group>"; };
		F0C5E7021857163B005CDB39 /* pageLicenceWDViewController.m */ = {isa = PBXFileReference; fileEncoding = 4; lastKnownFileType = sourcecode.c.objc; path = pageLicenceWDViewController.m; sourceTree = "<group>"; };
		F0C5E70418575480005CDB39 /* pageLicenceTeprowViewController.h */ = {isa = PBXFileReference; fileEncoding = 4; lastKnownFileType = sourcecode.c.h; path = pageLicenceTeprowViewController.h; sourceTree = "<group>"; };
		F0C5E70518575480005CDB39 /* pageLicenceTeprowViewController.m */ = {isa = PBXFileReference; fileEncoding = 4; lastKnownFileType = sourcecode.c.objc; path = pageLicenceTeprowViewController.m; sourceTree = "<group>"; };
		F0C5E70718575BD4005CDB39 /* LicenceVEGAGraph2.png */ = {isa = PBXFileReference; lastKnownFileType = image.png; path = LicenceVEGAGraph2.png; sourceTree = "<group>"; };
		F0C5E70818575BD4005CDB39 /* LicenceVEGAGraph1.png */ = {isa = PBXFileReference; lastKnownFileType = image.png; path = LicenceVEGAGraph1.png; sourceTree = "<group>"; };
		F0CB68671850878A0041544F /* pagePresentationDUTASSViewController.h */ = {isa = PBXFileReference; fileEncoding = 4; lastKnownFileType = sourcecode.c.h; path = pagePresentationDUTASSViewController.h; sourceTree = "<group>"; };
		F0CB68681850878A0041544F /* pagePresentationDUTASSViewController.m */ = {isa = PBXFileReference; fileEncoding = 4; lastKnownFileType = sourcecode.c.objc; path = pagePresentationDUTASSViewController.m; sourceTree = "<group>"; };
		F0CB686D1850925E0041544F /* pagePresentationGCViewController.h */ = {isa = PBXFileReference; fileEncoding = 4; lastKnownFileType = sourcecode.c.h; path = pagePresentationGCViewController.h; sourceTree = "<group>"; };
		F0CB686E1850925E0041544F /* pagePresentationGCViewController.m */ = {isa = PBXFileReference; fileEncoding = 4; lastKnownFileType = sourcecode.c.objc; path = pagePresentationGCViewController.m; sourceTree = "<group>"; };
		F0CB6870185097660041544F /* pageDUTINFOViewController.h */ = {isa = PBXFileReference; fileEncoding = 4; lastKnownFileType = sourcecode.c.h; path = pageDUTINFOViewController.h; sourceTree = "<group>"; };
		F0CB6871185097660041544F /* pageDUTINFOViewController.m */ = {isa = PBXFileReference; fileEncoding = 4; lastKnownFileType = sourcecode.c.objc; path = pageDUTINFOViewController.m; sourceTree = "<group>"; };
		F0CB68761850B89A0041544F /* pageDUTGEIIViewController.h */ = {isa = PBXFileReference; fileEncoding = 4; lastKnownFileType = sourcecode.c.h; path = pageDUTGEIIViewController.h; sourceTree = "<group>"; };
		F0CB68771850B89A0041544F /* pageDUTGEIIViewController.m */ = {isa = PBXFileReference; fileEncoding = 4; lastKnownFileType = sourcecode.c.objc; path = pageDUTGEIIViewController.m; sourceTree = "<group>"; };
		F0CB68791850BE730041544F /* pageDUTGUViewController.h */ = {isa = PBXFileReference; fileEncoding = 4; lastKnownFileType = sourcecode.c.h; path = pageDUTGUViewController.h; sourceTree = "<group>"; };
		F0CB687A1850BE730041544F /* pageDUTGUViewController.m */ = {isa = PBXFileReference; fileEncoding = 4; lastKnownFileType = sourcecode.c.objc; path = pageDUTGUViewController.m; sourceTree = "<group>"; };
		F0CB687C1850BE8C0041544F /* pageDUTSaPViewController.h */ = {isa = PBXFileReference; fileEncoding = 4; lastKnownFileType = sourcecode.c.h; path = pageDUTSaPViewController.h; sourceTree = "<group>"; };
		F0CB687D1850BE8C0041544F /* pageDUTSaPViewController.m */ = {isa = PBXFileReference; fileEncoding = 4; lastKnownFileType = sourcecode.c.objc; path = pageDUTSaPViewController.m; sourceTree = "<group>"; };
		F0CB687F1850BEB90041544F /* pageDUTGTEViewController.h */ = {isa = PBXFileReference; fileEncoding = 4; lastKnownFileType = sourcecode.c.h; path = pageDUTGTEViewController.h; sourceTree = "<group>"; };
		F0CB68801850BEB90041544F /* pageDUTGTEViewController.m */ = {isa = PBXFileReference; fileEncoding = 4; lastKnownFileType = sourcecode.c.objc; path = pageDUTGTEViewController.m; sourceTree = "<group>"; };
		F0CB68821850BED90041544F /* pageDUTTechCoViewController.h */ = {isa = PBXFileReference; fileEncoding = 4; lastKnownFileType = sourcecode.c.h; path = pageDUTTechCoViewController.h; sourceTree = "<group>"; };
		F0CB68831850BED90041544F /* pageDUTTechCoViewController.m */ = {isa = PBXFileReference; fileEncoding = 4; lastKnownFileType = sourcecode.c.objc; path = pageDUTTechCoViewController.m; sourceTree = "<group>"; };
		F0CB68851850BEF20041544F /* pageDUTGACOViewController.h */ = {isa = PBXFileReference; fileEncoding = 4; lastKnownFileType = sourcecode.c.h; path = pageDUTGACOViewController.h; sourceTree = "<group>"; };
		F0CB68861850BEF20041544F /* pageDUTGACOViewController.m */ = {isa = PBXFileReference; fileEncoding = 4; lastKnownFileType = sourcecode.c.objc; path = pageDUTGACOViewController.m; sourceTree = "<group>"; };
		F0CB68881850BF000041544F /* pageDUTMPViewController.h */ = {isa = PBXFileReference; fileEncoding = 4; lastKnownFileType = sourcecode.c.h; path = pageDUTMPViewController.h; sourceTree = "<group>"; };
		F0CB68891850BF000041544F /* pageDUTMPViewController.m */ = {isa = PBXFileReference; fileEncoding = 4; lastKnownFileType = sourcecode.c.objc; path = pageDUTMPViewController.m; sourceTree = "<group>"; };
		F0CB688B1850BF150041544F /* pageDUTRTViewController.h */ = {isa = PBXFileReference; fileEncoding = 4; lastKnownFileType = sourcecode.c.h; path = pageDUTRTViewController.h; sourceTree = "<group>"; };
		F0CB688C1850BF150041544F /* pageDUTRTViewController.m */ = {isa = PBXFileReference; fileEncoding = 4; lastKnownFileType = sourcecode.c.objc; path = pageDUTRTViewController.m; sourceTree = "<group>"; };
		F0CB688E1850BF250041544F /* pageDUTMMIViewController.h */ = {isa = PBXFileReference; fileEncoding = 4; lastKnownFileType = sourcecode.c.h; path = pageDUTMMIViewController.h; sourceTree = "<group>"; };
		F0CB688F1850BF250041544F /* pageDUTMMIViewController.m */ = {isa = PBXFileReference; fileEncoding = 4; lastKnownFileType = sourcecode.c.objc; path = pageDUTMMIViewController.m; sourceTree = "<group>"; };
=======
		F010C17C1859FA37000D28CA /* contacts_logo.png */ = {isa = PBXFileReference; lastKnownFileType = image.png; name = contacts_logo.png; path = ../Ressources/contacts_logo.png; sourceTree = "<group>"; };
		F010C17D1859FA37000D28CA /* english_logo.png */ = {isa = PBXFileReference; lastKnownFileType = image.png; name = english_logo.png; path = ../Ressources/english_logo.png; sourceTree = "<group>"; };
		F010C17E1859FA37000D28CA /* itineraire_logo.png */ = {isa = PBXFileReference; lastKnownFileType = image.png; name = itineraire_logo.png; path = ../Ressources/itineraire_logo.png; sourceTree = "<group>"; };
		F010C17F1859FA37000D28CA /* liens_logo.png */ = {isa = PBXFileReference; lastKnownFileType = image.png; name = liens_logo.png; path = ../Ressources/liens_logo.png; sourceTree = "<group>"; };
		F010C19C185A0572000D28CA /* URLViewController.h */ = {isa = PBXFileReference; fileEncoding = 4; lastKnownFileType = sourcecode.c.h; path = URLViewController.h; sourceTree = "<group>"; };
		F010C19D185A0572000D28CA /* URLViewController.m */ = {isa = PBXFileReference; fileEncoding = 4; lastKnownFileType = sourcecode.c.objc; path = URLViewController.m; sourceTree = "<group>"; };
		F010C1A2185A0FA5000D28CA /* TestTableViewController.h */ = {isa = PBXFileReference; fileEncoding = 4; lastKnownFileType = sourcecode.c.h; path = TestTableViewController.h; sourceTree = "<group>"; };
		F010C1A3185A0FA5000D28CA /* TestTableViewController.m */ = {isa = PBXFileReference; fileEncoding = 4; lastKnownFileType = sourcecode.c.objc; path = TestTableViewController.m; sourceTree = "<group>"; };
		F0570E3918571006004AEF4D /* ContactViewController.h */ = {isa = PBXFileReference; fileEncoding = 4; lastKnownFileType = sourcecode.c.h; path = ContactViewController.h; sourceTree = "<group>"; };
		F0570E3A18571006004AEF4D /* ContactViewController.m */ = {isa = PBXFileReference; fileEncoding = 4; lastKnownFileType = sourcecode.c.objc; path = ContactViewController.m; sourceTree = "<group>"; };
		F09DA19F1850741E00A4878C /* accueil_icone.png */ = {isa = PBXFileReference; lastKnownFileType = image.png; name = accueil_icone.png; path = ../Ressources/accueil_icone.png; sourceTree = "<group>"; };
		F09DA1A11850741E00A4878C /* autres_icone.png */ = {isa = PBXFileReference; lastKnownFileType = image.png; name = autres_icone.png; path = ../Ressources/autres_icone.png; sourceTree = "<group>"; };
		F09DA1A21850741E00A4878C /* ecocampus_icone.png */ = {isa = PBXFileReference; lastKnownFileType = image.png; name = ecocampus_icone.png; path = ../Ressources/ecocampus_icone.png; sourceTree = "<group>"; };
		F09DA1A31850741E00A4878C /* facebook_logo.png */ = {isa = PBXFileReference; lastKnownFileType = image.png; name = facebook_logo.png; path = ../Ressources/facebook_logo.png; sourceTree = "<group>"; };
		F09DA1A41850741E00A4878C /* formations_icone.png */ = {isa = PBXFileReference; lastKnownFileType = image.png; name = formations_icone.png; path = ../Ressources/formations_icone.png; sourceTree = "<group>"; };
		F09DA1A51850741E00A4878C /* google_logo.png */ = {isa = PBXFileReference; lastKnownFileType = image.png; name = google_logo.png; path = ../Ressources/google_logo.png; sourceTree = "<group>"; };
		F09DA1A91850741E00A4878C /* twitter_logo.png */ = {isa = PBXFileReference; lastKnownFileType = image.png; name = twitter_logo.png; path = ../Ressources/twitter_logo.png; sourceTree = "<group>"; };
		F09DA1B5185074D200A4878C /* MapKit.framework */ = {isa = PBXFileReference; lastKnownFileType = wrapper.framework; name = MapKit.framework; path = System/Library/Frameworks/MapKit.framework; sourceTree = SDKROOT; };
		F09DA1B7185078F000A4878C /* FacebookViewController.h */ = {isa = PBXFileReference; fileEncoding = 4; lastKnownFileType = sourcecode.c.h; path = FacebookViewController.h; sourceTree = "<group>"; };
		F09DA1B8185078F000A4878C /* FacebookViewController.m */ = {isa = PBXFileReference; fileEncoding = 4; lastKnownFileType = sourcecode.c.objc; path = FacebookViewController.m; sourceTree = "<group>"; };
		F09DA1BA1850880600A4878C /* TwitterViewController.h */ = {isa = PBXFileReference; fileEncoding = 4; lastKnownFileType = sourcecode.c.h; path = TwitterViewController.h; sourceTree = "<group>"; };
		F09DA1BB1850880600A4878C /* TwitterViewController.m */ = {isa = PBXFileReference; fileEncoding = 4; lastKnownFileType = sourcecode.c.objc; path = TwitterViewController.m; sourceTree = "<group>"; };
		F09DA1BD1850882E00A4878C /* GoogleViewController.h */ = {isa = PBXFileReference; fileEncoding = 4; lastKnownFileType = sourcecode.c.h; path = GoogleViewController.h; sourceTree = "<group>"; };
		F09DA1BE1850882E00A4878C /* GoogleViewController.m */ = {isa = PBXFileReference; fileEncoding = 4; lastKnownFileType = sourcecode.c.objc; path = GoogleViewController.m; sourceTree = "<group>"; };
		F09DA1C01850884B00A4878C /* ItineraireViewController.h */ = {isa = PBXFileReference; fileEncoding = 4; lastKnownFileType = sourcecode.c.h; path = ItineraireViewController.h; sourceTree = "<group>"; };
		F09DA1C11850884B00A4878C /* ItineraireViewController.m */ = {isa = PBXFileReference; fileEncoding = 4; lastKnownFileType = sourcecode.c.objc; path = ItineraireViewController.m; sourceTree = "<group>"; };
		F09DA1C6185207C300A4878C /* iut_logo58.png */ = {isa = PBXFileReference; lastKnownFileType = image.png; name = iut_logo58.png; path = ../Ressources/iut_logo58.png; sourceTree = "<group>"; };
		F09DA1C7185207C300A4878C /* iut_logo80.png */ = {isa = PBXFileReference; lastKnownFileType = image.png; name = iut_logo80.png; path = ../Ressources/iut_logo80.png; sourceTree = "<group>"; };
		F09DA1C8185207C300A4878C /* iut_logo120.png */ = {isa = PBXFileReference; lastKnownFileType = image.png; name = iut_logo120.png; path = ../Ressources/iut_logo120.png; sourceTree = "<group>"; };
		F09DA1CC1852081400A4878C /* agenda_icone.png */ = {isa = PBXFileReference; lastKnownFileType = image.png; name = agenda_icone.png; path = ../Ressources/agenda_icone.png; sourceTree = "<group>"; };
>>>>>>> b285ba6d3df4fb9965fd00fda475c4edafc9c402:mont.bel.iut.xcodeproj/project.pbxproj
/* End PBXFileReference section */

/* Begin PBXFrameworksBuildPhase section */
		F00ECE81184CC14D00C2B668 /* Frameworks */ = {
			isa = PBXFrameworksBuildPhase;
			buildActionMask = 2147483647;
			files = (
				F09DA1B6185074D200A4878C /* MapKit.framework in Frameworks */,
				F00ECE8A184CC14D00C2B668 /* CoreGraphics.framework in Frameworks */,
				F00ECE8C184CC14D00C2B668 /* UIKit.framework in Frameworks */,
				F00ECE88184CC14D00C2B668 /* Foundation.framework in Frameworks */,
			);
			runOnlyForDeploymentPostprocessing = 0;
		};
		F00ECEA5184CC14E00C2B668 /* Frameworks */ = {
			isa = PBXFrameworksBuildPhase;
			buildActionMask = 2147483647;
			files = (
				F00ECEAA184CC14E00C2B668 /* XCTest.framework in Frameworks */,
				F00ECEAC184CC14E00C2B668 /* UIKit.framework in Frameworks */,
				F00ECEAB184CC14E00C2B668 /* Foundation.framework in Frameworks */,
			);
			runOnlyForDeploymentPostprocessing = 0;
		};
/* End PBXFrameworksBuildPhase section */

/* Begin PBXGroup section */
		F00ECE7B184CC14D00C2B668 = {
			isa = PBXGroup;
			children = (
<<<<<<< HEAD:ApllicationIUT.xcodeproj/project.pbxproj
				F0706032184E3515006DFC2D /* Ressources */,
=======
				F09DA188184E3DBE00A4878C /* Ressources */,
>>>>>>> b285ba6d3df4fb9965fd00fda475c4edafc9c402:mont.bel.iut.xcodeproj/project.pbxproj
				F00ECE8D184CC14D00C2B668 /* ApllicationIUT */,
				F00ECEAF184CC14E00C2B668 /* ApllicationIUTTests */,
				F00ECE86184CC14D00C2B668 /* Frameworks */,
				F00ECE85184CC14D00C2B668 /* Products */,
			);
			sourceTree = "<group>";
			usesTabs = 0;
		};
		F00ECE85184CC14D00C2B668 /* Products */ = {
			isa = PBXGroup;
			children = (
				F00ECE84184CC14D00C2B668 /* mont.bel.iut.temp_caseinsensitive_rename.temp_caseinsensitive_rename.app */,
				F00ECEA8184CC14E00C2B668 /* mont.bel.iut.temp_caseinsensitive_rename.temp_caseinsensitive_renameTests.xctest */,
			);
			name = Products;
			sourceTree = "<group>";
		};
		F00ECE86184CC14D00C2B668 /* Frameworks */ = {
			isa = PBXGroup;
			children = (
				F09DA1B5185074D200A4878C /* MapKit.framework */,
				F00ECE87184CC14D00C2B668 /* Foundation.framework */,
				F00ECE89184CC14D00C2B668 /* CoreGraphics.framework */,
				F00ECE8B184CC14D00C2B668 /* UIKit.framework */,
				F00ECEA9184CC14E00C2B668 /* XCTest.framework */,
			);
			name = Frameworks;
			sourceTree = "<group>";
		};
		F00ECE8D184CC14D00C2B668 /* ApllicationIUT */ = {
			isa = PBXGroup;
			children = (
				F00ECE96184CC14D00C2B668 /* AppDelegate.h */,
				F00ECE97184CC14D00C2B668 /* AppDelegate.m */,
				F00ECE99184CC14D00C2B668 /* Main.storyboard */,
				F00ECE9C184CC14D00C2B668 /* MasterViewController.h */,
				F00ECE9D184CC14D00C2B668 /* MasterViewController.m */,
				F00ECE9F184CC14D00C2B668 /* DetailViewController.h */,
				F00ECEA0184CC14D00C2B668 /* DetailViewController.m */,
				F00ECEA2184CC14D00C2B668 /* Images.xcassets */,
				F00ECE8E184CC14D00C2B668 /* Supporting Files */,
<<<<<<< HEAD:ApllicationIUT.xcodeproj/project.pbxproj
				F0994CC2184CD0F200AB253B /* pagePrincipaleFormationViewController.h */,
				F0994CC3184CD0F200AB253B /* pagePrincipaleFormationViewController.m */,
				F0CB68671850878A0041544F /* pagePresentationDUTASSViewController.h */,
				F0CB68681850878A0041544F /* pagePresentationDUTASSViewController.m */,
				F0CB686D1850925E0041544F /* pagePresentationGCViewController.h */,
				F0CB686E1850925E0041544F /* pagePresentationGCViewController.m */,
				F0CB6870185097660041544F /* pageDUTINFOViewController.h */,
				F0CB6871185097660041544F /* pageDUTINFOViewController.m */,
				F0CB68761850B89A0041544F /* pageDUTGEIIViewController.h */,
				F0CB68771850B89A0041544F /* pageDUTGEIIViewController.m */,
				F0CB68791850BE730041544F /* pageDUTGUViewController.h */,
				F0CB687A1850BE730041544F /* pageDUTGUViewController.m */,
				F0CB687C1850BE8C0041544F /* pageDUTSaPViewController.h */,
				F0CB687D1850BE8C0041544F /* pageDUTSaPViewController.m */,
				F0CB687F1850BEB90041544F /* pageDUTGTEViewController.h */,
				F0CB68801850BEB90041544F /* pageDUTGTEViewController.m */,
				F0CB68821850BED90041544F /* pageDUTTechCoViewController.h */,
				F0CB68831850BED90041544F /* pageDUTTechCoViewController.m */,
				F0CB68851850BEF20041544F /* pageDUTGACOViewController.h */,
				F0CB68861850BEF20041544F /* pageDUTGACOViewController.m */,
				F0CB68881850BF000041544F /* pageDUTMPViewController.h */,
				F0CB68891850BF000041544F /* pageDUTMPViewController.m */,
				F0CB688B1850BF150041544F /* pageDUTRTViewController.h */,
				F0CB688C1850BF150041544F /* pageDUTRTViewController.m */,
				F0CB688E1850BF250041544F /* pageDUTMMIViewController.h */,
				F0CB688F1850BF250041544F /* pageDUTMMIViewController.m */,
				F0C5E6DF18571417005CDB39 /* pageLicenceASSViewController.h */,
				F0C5E6E018571417005CDB39 /* pageLicenceASSViewController.m */,
				F0C5E6E21857144C005CDB39 /* pageLicenceCTPEBViewController.h */,
				F0C5E6E31857144C005CDB39 /* pageLicenceCTPEBViewController.m */,
				F0C5E6E518571463005CDB39 /* pageLicenceEnRViewController.h */,
				F0C5E6E618571463005CDB39 /* pageLicenceEnRViewController.m */,
				F0C5E6E818571480005CDB39 /* pageLicenceFVPIViewController.h */,
				F0C5E6E918571480005CDB39 /* pageLicenceFVPIViewController.m */,
				F0C5E6EC1857149E005CDB39 /* pageLicenceVEGAViewController.h */,
				F0C5E6ED1857149E005CDB39 /* pageLicenceVEGAViewController.m */,
				F0C5E6EF185714E1005CDB39 /* pageLicenceTICaMaCoViewController.h */,
				F0C5E6F0185714E1005CDB39 /* pageLicenceTICaMaCoViewController.m */,
				F0C5E6F218571589005CDB39 /* pageLicenceADIOViewController.h */,
				F0C5E6F318571589005CDB39 /* pageLicenceADIOViewController.m */,
				F0C5E6F5185715AB005CDB39 /* pageLicenceCIMViewController.h */,
				F0C5E6F6185715AB005CDB39 /* pageLicenceCIMViewController.m */,
				F0C5E6F8185715F6005CDB39 /* pageLicenceCARTViewController.h */,
				F0C5E6F9185715F6005CDB39 /* pageLicenceCARTViewController.m */,
				F0C5E6FB18571605005CDB39 /* pageLicenceDORAViewController.h */,
				F0C5E6FC18571605005CDB39 /* pageLicenceDORAViewController.m */,
				F0C5E6FE18571621005CDB39 /* pageLicenceMOSELViewController.h */,
				F0C5E6FF18571621005CDB39 /* pageLicenceMOSELViewController.m */,
				F0C5E7011857163B005CDB39 /* pageLicenceWDViewController.h */,
				F0C5E7021857163B005CDB39 /* pageLicenceWDViewController.m */,
				F0C5E70418575480005CDB39 /* pageLicenceTeprowViewController.h */,
				F0C5E70518575480005CDB39 /* pageLicenceTeprowViewController.m */,
				F0478F7C1859C941008A6303 /* pageAgendaViewController.h */,
				F0478F7D1859C941008A6303 /* pageAgendaViewController.m */,
=======
				F09DA1B7185078F000A4878C /* FacebookViewController.h */,
				F09DA1B8185078F000A4878C /* FacebookViewController.m */,
				F09DA1BA1850880600A4878C /* TwitterViewController.h */,
				F09DA1BB1850880600A4878C /* TwitterViewController.m */,
				F09DA1BD1850882E00A4878C /* GoogleViewController.h */,
				F09DA1BE1850882E00A4878C /* GoogleViewController.m */,
				F09DA1C01850884B00A4878C /* ItineraireViewController.h */,
				F09DA1C11850884B00A4878C /* ItineraireViewController.m */,
				F0570E3918571006004AEF4D /* ContactViewController.h */,
				F0570E3A18571006004AEF4D /* ContactViewController.m */,
				F010C19C185A0572000D28CA /* URLViewController.h */,
				F010C19D185A0572000D28CA /* URLViewController.m */,
				F010C1A2185A0FA5000D28CA /* TestTableViewController.h */,
				F010C1A3185A0FA5000D28CA /* TestTableViewController.m */,
>>>>>>> b285ba6d3df4fb9965fd00fda475c4edafc9c402:mont.bel.iut.xcodeproj/project.pbxproj
			);
			path = ApllicationIUT;
			sourceTree = "<group>";
		};
		F00ECE8E184CC14D00C2B668 /* Supporting Files */ = {
			isa = PBXGroup;
			children = (
				F00ECE8F184CC14D00C2B668 /* mont.bel.iut.temp_caseinsensitive_rename.temp_caseinsensitive_rename-Info.plist */,
				F00ECE90184CC14D00C2B668 /* InfoPlist.strings */,
				F00ECE93184CC14D00C2B668 /* main.m */,
				F00ECE95184CC14D00C2B668 /* mont.bel.iut.temp_caseinsensitive_rename.temp_caseinsensitive_rename-Prefix.pch */,
			);
			name = "Supporting Files";
			sourceTree = "<group>";
		};
		F00ECEAF184CC14E00C2B668 /* ApllicationIUTTests */ = {
			isa = PBXGroup;
			children = (
				F00ECEB5184CC14E00C2B668 /* ApllicationIUTTests.m */,
				F00ECEB0184CC14E00C2B668 /* Supporting Files */,
			);
			path = ApllicationIUTTests;
			sourceTree = "<group>";
		};
		F00ECEB0184CC14E00C2B668 /* Supporting Files */ = {
			isa = PBXGroup;
			children = (
				F00ECEB1184CC14E00C2B668 /* mont.bel.iut.temp_caseinsensitive_rename.temp_caseinsensitive_renameTests-Info.plist */,
				F00ECEB2184CC14E00C2B668 /* InfoPlist.strings */,
			);
			name = "Supporting Files";
			sourceTree = "<group>";
		};
<<<<<<< HEAD:ApllicationIUT.xcodeproj/project.pbxproj
		F0706032184E3515006DFC2D /* Ressources */ = {
			isa = PBXGroup;
			children = (
				F0C5E70718575BD4005CDB39 /* LicenceVEGAGraph2.png */,
				F0C5E70818575BD4005CDB39 /* LicenceVEGAGraph1.png */,
				F070604F18507AE2006DFC2D /* agenda_icone.png */,
				F070604D185076BE006DFC2D /* IUTBM_quadri.jpg */,
				F070604B18507667006DFC2D /* LOGO UFC_1.jpg */,
				F0706037185074F3006DFC2D /* twitter_logo.png */,
				F0706038185074F3006DFC2D /* formations_icone.png */,
				F0706039185074F3006DFC2D /* google_logo.png */,
				F070603A185074F3006DFC2D /* iut_logo1.png */,
				F070603B185074F3006DFC2D /* rss_logo.png */,
				F070603C185074F3006DFC2D /* iut_logo2.png */,
				F070603D185074F3006DFC2D /* facebook_logo.png */,
				F070603E185074F3006DFC2D /* ecocampus_icone.png */,
				F070603F185074F3006DFC2D /* autres_icone.png */,
				F0706040185074F3006DFC2D /* accueil_icone.png */,
				F0706035184E35A6006DFC2D /* skydb171.jpg */,
				F0706033184E3534006DFC2D /* facebook_logo_detail-3.gif */,
=======
		F09DA188184E3DBE00A4878C /* Ressources */ = {
			isa = PBXGroup;
			children = (
				F010C17C1859FA37000D28CA /* contacts_logo.png */,
				F010C17D1859FA37000D28CA /* english_logo.png */,
				F010C17E1859FA37000D28CA /* itineraire_logo.png */,
				F010C17F1859FA37000D28CA /* liens_logo.png */,
				F09DA1CC1852081400A4878C /* agenda_icone.png */,
				F09DA1C6185207C300A4878C /* iut_logo58.png */,
				F09DA1C7185207C300A4878C /* iut_logo80.png */,
				F09DA1C8185207C300A4878C /* iut_logo120.png */,
				F09DA19F1850741E00A4878C /* accueil_icone.png */,
				F09DA1A11850741E00A4878C /* autres_icone.png */,
				F09DA1A21850741E00A4878C /* ecocampus_icone.png */,
				F09DA1A31850741E00A4878C /* facebook_logo.png */,
				F09DA1A41850741E00A4878C /* formations_icone.png */,
				F09DA1A51850741E00A4878C /* google_logo.png */,
				F09DA1A91850741E00A4878C /* twitter_logo.png */,
>>>>>>> b285ba6d3df4fb9965fd00fda475c4edafc9c402:mont.bel.iut.xcodeproj/project.pbxproj
			);
			name = Ressources;
			sourceTree = "<group>";
		};
/* End PBXGroup section */

/* Begin PBXNativeTarget section */
		F00ECE83184CC14D00C2B668 /* mont.bel.iut.temp_caseinsensitive_rename.temp_caseinsensitive_rename */ = {
			isa = PBXNativeTarget;
			buildConfigurationList = F00ECEB9184CC14E00C2B668 /* Build configuration list for PBXNativeTarget "mont.bel.iut.temp_caseinsensitive_rename.temp_caseinsensitive_rename" */;
			buildPhases = (
				F00ECE80184CC14D00C2B668 /* Sources */,
				F00ECE81184CC14D00C2B668 /* Frameworks */,
				F00ECE82184CC14D00C2B668 /* Resources */,
			);
			buildRules = (
			);
			dependencies = (
			);
			name = mont.bel.iut.temp_caseinsensitive_rename.temp_caseinsensitive_rename;
			productName = ApllicationIUT;
			productReference = F00ECE84184CC14D00C2B668 /* mont.bel.iut.temp_caseinsensitive_rename.temp_caseinsensitive_rename.app */;
			productType = "com.apple.product-type.application";
		};
		F00ECEA7184CC14E00C2B668 /* mont.bel.iut.temp_caseinsensitive_rename.temp_caseinsensitive_renameTests */ = {
			isa = PBXNativeTarget;
			buildConfigurationList = F00ECEBC184CC14E00C2B668 /* Build configuration list for PBXNativeTarget "mont.bel.iut.temp_caseinsensitive_rename.temp_caseinsensitive_renameTests" */;
			buildPhases = (
				F00ECEA4184CC14E00C2B668 /* Sources */,
				F00ECEA5184CC14E00C2B668 /* Frameworks */,
				F00ECEA6184CC14E00C2B668 /* Resources */,
			);
			buildRules = (
			);
			dependencies = (
				F00ECEAE184CC14E00C2B668 /* PBXTargetDependency */,
			);
			name = mont.bel.iut.temp_caseinsensitive_rename.temp_caseinsensitive_renameTests;
			productName = ApllicationIUTTests;
			productReference = F00ECEA8184CC14E00C2B668 /* mont.bel.iut.temp_caseinsensitive_rename.temp_caseinsensitive_renameTests.xctest */;
			productType = "com.apple.product-type.bundle.unit-test";
		};
/* End PBXNativeTarget section */

/* Begin PBXProject section */
		F00ECE7C184CC14D00C2B668 /* Project object */ = {
			isa = PBXProject;
			attributes = {
				LastUpgradeCheck = 0500;
				ORGANIZATIONNAME = projetlp2013;
				TargetAttributes = {
					F00ECEA7184CC14E00C2B668 = {
						TestTargetID = F00ECE83184CC14D00C2B668;
					};
				};
			};
			buildConfigurationList = F00ECE7F184CC14D00C2B668 /* Build configuration list for PBXProject "mont.bel.iut" */;
			compatibilityVersion = "Xcode 3.2";
			developmentRegion = English;
			hasScannedForEncodings = 0;
			knownRegions = (
				en,
				Base,
			);
			mainGroup = F00ECE7B184CC14D00C2B668;
			productRefGroup = F00ECE85184CC14D00C2B668 /* Products */;
			projectDirPath = "";
			projectRoot = "";
			targets = (
				F00ECE83184CC14D00C2B668 /* mont.bel.iut.temp_caseinsensitive_rename.temp_caseinsensitive_rename */,
				F00ECEA7184CC14E00C2B668 /* mont.bel.iut.temp_caseinsensitive_rename.temp_caseinsensitive_renameTests */,
			);
		};
/* End PBXProject section */

/* Begin PBXResourcesBuildPhase section */
		F00ECE82184CC14D00C2B668 /* Resources */ = {
			isa = PBXResourcesBuildPhase;
			buildActionMask = 2147483647;
			files = (
<<<<<<< HEAD:ApllicationIUT.xcodeproj/project.pbxproj
				F0706041185074F3006DFC2D /* twitter_logo.png in Resources */,
=======
				F09DA1CD1852081400A4878C /* agenda_icone.png in Resources */,
>>>>>>> b285ba6d3df4fb9965fd00fda475c4edafc9c402:mont.bel.iut.xcodeproj/project.pbxproj
				F00ECEA3184CC14D00C2B668 /* Images.xcassets in Resources */,
				F010C1831859FA37000D28CA /* liens_logo.png in Resources */,
				F010C1801859FA37000D28CA /* contacts_logo.png in Resources */,
				F09DA1CA185207C300A4878C /* iut_logo80.png in Resources */,
				F00ECE92184CC14D00C2B668 /* InfoPlist.strings in Resources */,
<<<<<<< HEAD:ApllicationIUT.xcodeproj/project.pbxproj
				F070604E185076BE006DFC2D /* IUTBM_quadri.jpg in Resources */,
				F070605018507AE2006DFC2D /* agenda_icone.png in Resources */,
				F0706036184E35A6006DFC2D /* skydb171.jpg in Resources */,
				F0706042185074F3006DFC2D /* formations_icone.png in Resources */,
				F0706034184E3534006DFC2D /* facebook_logo_detail-3.gif in Resources */,
				F00ECE9B184CC14D00C2B668 /* Main.storyboard in Resources */,
				F070604A185074F3006DFC2D /* accueil_icone.png in Resources */,
				F0706048185074F3006DFC2D /* ecocampus_icone.png in Resources */,
				F0706045185074F3006DFC2D /* rss_logo.png in Resources */,
				F0706046185074F3006DFC2D /* iut_logo2.png in Resources */,
				F0706044185074F3006DFC2D /* iut_logo1.png in Resources */,
				F0C5E70918575BD4005CDB39 /* LicenceVEGAGraph2.png in Resources */,
				F070604C18507667006DFC2D /* LOGO UFC_1.jpg in Resources */,
				F0706047185074F3006DFC2D /* facebook_logo.png in Resources */,
				F0C5E70A18575BD4005CDB39 /* LicenceVEGAGraph1.png in Resources */,
				F0706049185074F3006DFC2D /* autres_icone.png in Resources */,
				F0706043185074F3006DFC2D /* google_logo.png in Resources */,
=======
				F09DA1AC1850741E00A4878C /* autres_icone.png in Resources */,
				F010C1821859FA37000D28CA /* itineraire_logo.png in Resources */,
				F09DA1C9185207C300A4878C /* iut_logo58.png in Resources */,
				F09DA1B41850741E00A4878C /* twitter_logo.png in Resources */,
				F09DA1CB185207C300A4878C /* iut_logo120.png in Resources */,
				F00ECE9B184CC14D00C2B668 /* Main.storyboard in Resources */,
				F09DA1AF1850741E00A4878C /* formations_icone.png in Resources */,
				F09DA1AA1850741E00A4878C /* accueil_icone.png in Resources */,
				F09DA1B01850741E00A4878C /* google_logo.png in Resources */,
				F010C1811859FA37000D28CA /* english_logo.png in Resources */,
				F09DA1AE1850741E00A4878C /* facebook_logo.png in Resources */,
				F09DA1AD1850741E00A4878C /* ecocampus_icone.png in Resources */,
>>>>>>> b285ba6d3df4fb9965fd00fda475c4edafc9c402:mont.bel.iut.xcodeproj/project.pbxproj
			);
			runOnlyForDeploymentPostprocessing = 0;
		};
		F00ECEA6184CC14E00C2B668 /* Resources */ = {
			isa = PBXResourcesBuildPhase;
			buildActionMask = 2147483647;
			files = (
				F00ECEB4184CC14E00C2B668 /* InfoPlist.strings in Resources */,
			);
			runOnlyForDeploymentPostprocessing = 0;
		};
/* End PBXResourcesBuildPhase section */

/* Begin PBXSourcesBuildPhase section */
		F00ECE80184CC14D00C2B668 /* Sources */ = {
			isa = PBXSourcesBuildPhase;
			buildActionMask = 2147483647;
			files = (
<<<<<<< HEAD:ApllicationIUT.xcodeproj/project.pbxproj
				F0994CC4184CD0F200AB253B /* pagePrincipaleFormationViewController.m in Sources */,
				F0C5E6F1185714E1005CDB39 /* pageLicenceTICaMaCoViewController.m in Sources */,
				F0CB687B1850BE730041544F /* pageDUTGUViewController.m in Sources */,
				F0C5E6FD18571605005CDB39 /* pageLicenceDORAViewController.m in Sources */,
				F0CB68811850BEB90041544F /* pageDUTGTEViewController.m in Sources */,
				F0CB688D1850BF150041544F /* pageDUTRTViewController.m in Sources */,
				F0CB68871850BEF20041544F /* pageDUTGACOViewController.m in Sources */,
				F0C5E6F418571589005CDB39 /* pageLicenceADIOViewController.m in Sources */,
				F0CB68781850B89A0041544F /* pageDUTGEIIViewController.m in Sources */,
				F0CB68841850BED90041544F /* pageDUTTechCoViewController.m in Sources */,
				F0C5E6FA185715F6005CDB39 /* pageLicenceCARTViewController.m in Sources */,
				F0CB687E1850BE8C0041544F /* pageDUTSaPViewController.m in Sources */,
				F0CB686F1850925E0041544F /* pagePresentationGCViewController.m in Sources */,
				F0CB68901850BF250041544F /* pageDUTMMIViewController.m in Sources */,
				F0C5E7031857163B005CDB39 /* pageLicenceWDViewController.m in Sources */,
				F00ECE98184CC14D00C2B668 /* AppDelegate.m in Sources */,
				F0C5E70618575480005CDB39 /* pageLicenceTeprowViewController.m in Sources */,
				F0CB6872185097660041544F /* pageDUTINFOViewController.m in Sources */,
				F0C5E6EE1857149E005CDB39 /* pageLicenceVEGAViewController.m in Sources */,
				F0CB688A1850BF000041544F /* pageDUTMPViewController.m in Sources */,
				F0C5E6E718571463005CDB39 /* pageLicenceEnRViewController.m in Sources */,
				F0C5E6E118571417005CDB39 /* pageLicenceASSViewController.m in Sources */,
				F0C5E70018571621005CDB39 /* pageLicenceMOSELViewController.m in Sources */,
=======
				F09DA1C21850884B00A4878C /* ItineraireViewController.m in Sources */,
				F00ECE98184CC14D00C2B668 /* AppDelegate.m in Sources */,
				F010C19E185A0572000D28CA /* URLViewController.m in Sources */,
				F010C1A4185A0FA5000D28CA /* TestTableViewController.m in Sources */,
>>>>>>> b285ba6d3df4fb9965fd00fda475c4edafc9c402:mont.bel.iut.xcodeproj/project.pbxproj
				F00ECE9E184CC14D00C2B668 /* MasterViewController.m in Sources */,
				F0CB68691850878A0041544F /* pagePresentationDUTASSViewController.m in Sources */,
				F0C5E6EA18571480005CDB39 /* pageLicenceFVPIViewController.m in Sources */,
				F00ECE94184CC14D00C2B668 /* main.m in Sources */,
<<<<<<< HEAD:ApllicationIUT.xcodeproj/project.pbxproj
				F0C5E6E41857144C005CDB39 /* pageLicenceCTPEBViewController.m in Sources */,
				F0478F7E1859C941008A6303 /* pageAgendaViewController.m in Sources */,
=======
				F0570E3B18571006004AEF4D /* ContactViewController.m in Sources */,
				F09DA1B9185078F000A4878C /* FacebookViewController.m in Sources */,
				F09DA1BC1850880600A4878C /* TwitterViewController.m in Sources */,
				F09DA1BF1850882E00A4878C /* GoogleViewController.m in Sources */,
>>>>>>> b285ba6d3df4fb9965fd00fda475c4edafc9c402:mont.bel.iut.xcodeproj/project.pbxproj
				F00ECEA1184CC14D00C2B668 /* DetailViewController.m in Sources */,
				F0C5E6F7185715AB005CDB39 /* pageLicenceCIMViewController.m in Sources */,
			);
			runOnlyForDeploymentPostprocessing = 0;
		};
		F00ECEA4184CC14E00C2B668 /* Sources */ = {
			isa = PBXSourcesBuildPhase;
			buildActionMask = 2147483647;
			files = (
				F00ECEB6184CC14E00C2B668 /* ApllicationIUTTests.m in Sources */,
			);
			runOnlyForDeploymentPostprocessing = 0;
		};
/* End PBXSourcesBuildPhase section */

/* Begin PBXTargetDependency section */
		F00ECEAE184CC14E00C2B668 /* PBXTargetDependency */ = {
			isa = PBXTargetDependency;
			target = F00ECE83184CC14D00C2B668 /* mont.bel.iut.temp_caseinsensitive_rename.temp_caseinsensitive_rename */;
			targetProxy = F00ECEAD184CC14E00C2B668 /* PBXContainerItemProxy */;
		};
/* End PBXTargetDependency section */

/* Begin PBXVariantGroup section */
		F00ECE90184CC14D00C2B668 /* InfoPlist.strings */ = {
			isa = PBXVariantGroup;
			children = (
				F00ECE91184CC14D00C2B668 /* en */,
			);
			name = InfoPlist.strings;
			sourceTree = "<group>";
		};
		F00ECE99184CC14D00C2B668 /* Main.storyboard */ = {
			isa = PBXVariantGroup;
			children = (
				F00ECE9A184CC14D00C2B668 /* Base */,
			);
			name = Main.storyboard;
			sourceTree = "<group>";
		};
		F00ECEB2184CC14E00C2B668 /* InfoPlist.strings */ = {
			isa = PBXVariantGroup;
			children = (
				F00ECEB3184CC14E00C2B668 /* en */,
			);
			name = InfoPlist.strings;
			sourceTree = "<group>";
		};
/* End PBXVariantGroup section */

/* Begin XCBuildConfiguration section */
		F00ECEB7184CC14E00C2B668 /* Debug */ = {
			isa = XCBuildConfiguration;
			buildSettings = {
				ALWAYS_SEARCH_USER_PATHS = NO;
				ARCHS = "$(ARCHS_STANDARD_INCLUDING_64_BIT)";
				CLANG_CXX_LANGUAGE_STANDARD = "gnu++0x";
				CLANG_CXX_LIBRARY = "libc++";
				CLANG_ENABLE_MODULES = YES;
				CLANG_ENABLE_OBJC_ARC = YES;
				CLANG_WARN_BOOL_CONVERSION = YES;
				CLANG_WARN_CONSTANT_CONVERSION = YES;
				CLANG_WARN_DIRECT_OBJC_ISA_USAGE = YES_ERROR;
				CLANG_WARN_EMPTY_BODY = YES;
				CLANG_WARN_ENUM_CONVERSION = YES;
				CLANG_WARN_INT_CONVERSION = YES;
				CLANG_WARN_OBJC_ROOT_CLASS = YES_ERROR;
				CLANG_WARN__DUPLICATE_METHOD_MATCH = YES;
				"CODE_SIGN_IDENTITY[sdk=iphoneos*]" = "iPhone Developer";
				COPY_PHASE_STRIP = NO;
				GCC_C_LANGUAGE_STANDARD = gnu99;
				GCC_DYNAMIC_NO_PIC = NO;
				GCC_OPTIMIZATION_LEVEL = 0;
				GCC_PREPROCESSOR_DEFINITIONS = (
					"DEBUG=1",
					"$(inherited)",
				);
				GCC_SYMBOLS_PRIVATE_EXTERN = NO;
				GCC_WARN_64_TO_32_BIT_CONVERSION = YES;
				GCC_WARN_ABOUT_RETURN_TYPE = YES_ERROR;
				GCC_WARN_UNDECLARED_SELECTOR = YES;
				GCC_WARN_UNINITIALIZED_AUTOS = YES;
				GCC_WARN_UNUSED_FUNCTION = YES;
				GCC_WARN_UNUSED_VARIABLE = YES;
				IPHONEOS_DEPLOYMENT_TARGET = 7.0;
				ONLY_ACTIVE_ARCH = YES;
				SDKROOT = iphoneos;
			};
			name = Debug;
		};
		F00ECEB8184CC14E00C2B668 /* Release */ = {
			isa = XCBuildConfiguration;
			buildSettings = {
				ALWAYS_SEARCH_USER_PATHS = NO;
				ARCHS = "$(ARCHS_STANDARD_INCLUDING_64_BIT)";
				CLANG_CXX_LANGUAGE_STANDARD = "gnu++0x";
				CLANG_CXX_LIBRARY = "libc++";
				CLANG_ENABLE_MODULES = YES;
				CLANG_ENABLE_OBJC_ARC = YES;
				CLANG_WARN_BOOL_CONVERSION = YES;
				CLANG_WARN_CONSTANT_CONVERSION = YES;
				CLANG_WARN_DIRECT_OBJC_ISA_USAGE = YES_ERROR;
				CLANG_WARN_EMPTY_BODY = YES;
				CLANG_WARN_ENUM_CONVERSION = YES;
				CLANG_WARN_INT_CONVERSION = YES;
				CLANG_WARN_OBJC_ROOT_CLASS = YES_ERROR;
				CLANG_WARN__DUPLICATE_METHOD_MATCH = YES;
				"CODE_SIGN_IDENTITY[sdk=iphoneos*]" = "iPhone Developer";
				COPY_PHASE_STRIP = YES;
				ENABLE_NS_ASSERTIONS = NO;
				GCC_C_LANGUAGE_STANDARD = gnu99;
				GCC_WARN_64_TO_32_BIT_CONVERSION = YES;
				GCC_WARN_ABOUT_RETURN_TYPE = YES_ERROR;
				GCC_WARN_UNDECLARED_SELECTOR = YES;
				GCC_WARN_UNINITIALIZED_AUTOS = YES;
				GCC_WARN_UNUSED_FUNCTION = YES;
				GCC_WARN_UNUSED_VARIABLE = YES;
				IPHONEOS_DEPLOYMENT_TARGET = 7.0;
				SDKROOT = iphoneos;
				VALIDATE_PRODUCT = YES;
			};
			name = Release;
		};
		F00ECEBA184CC14E00C2B668 /* Debug */ = {
			isa = XCBuildConfiguration;
			buildSettings = {
				ASSETCATALOG_COMPILER_LAUNCHIMAGE_NAME = LaunchImage;
				GCC_PRECOMPILE_PREFIX_HEADER = YES;
				GCC_PREFIX_HEADER = "ApllicationIUT/mont.bel.iut.temp_caseinsensitive_rename.temp_caseinsensitive_rename-Prefix.pch";
				INFOPLIST_FILE = "ApllicationIUT/mont.bel.iut.temp_caseinsensitive_rename.temp_caseinsensitive_rename-Info.plist";
				PRODUCT_NAME = mont.bel.iut.temp_caseinsensitive_rename.temp_caseinsensitive_rename;
				WRAPPER_EXTENSION = app;
			};
			name = Debug;
		};
		F00ECEBB184CC14E00C2B668 /* Release */ = {
			isa = XCBuildConfiguration;
			buildSettings = {
				ASSETCATALOG_COMPILER_LAUNCHIMAGE_NAME = LaunchImage;
				GCC_PRECOMPILE_PREFIX_HEADER = YES;
				GCC_PREFIX_HEADER = "ApllicationIUT/mont.bel.iut.temp_caseinsensitive_rename.temp_caseinsensitive_rename-Prefix.pch";
				INFOPLIST_FILE = "ApllicationIUT/mont.bel.iut.temp_caseinsensitive_rename.temp_caseinsensitive_rename-Info.plist";
				PRODUCT_NAME = mont.bel.iut.temp_caseinsensitive_rename.temp_caseinsensitive_rename;
				WRAPPER_EXTENSION = app;
			};
			name = Release;
		};
		F00ECEBD184CC14E00C2B668 /* Debug */ = {
			isa = XCBuildConfiguration;
			buildSettings = {
				ARCHS = "$(ARCHS_STANDARD_INCLUDING_64_BIT)";
				BUNDLE_LOADER = "$(BUILT_PRODUCTS_DIR)/ApllicationIUT.app/ApllicationIUT";
				FRAMEWORK_SEARCH_PATHS = (
					"$(SDKROOT)/Developer/Library/Frameworks",
					"$(inherited)",
					"$(DEVELOPER_FRAMEWORKS_DIR)",
				);
				GCC_PRECOMPILE_PREFIX_HEADER = YES;
				GCC_PREFIX_HEADER = "ApllicationIUT/ApllicationIUT-Prefix.pch";
				GCC_PREPROCESSOR_DEFINITIONS = (
					"DEBUG=1",
					"$(inherited)",
				);
				INFOPLIST_FILE = "ApllicationIUTTests/mont.bel.iut.temp_caseinsensitive_rename.temp_caseinsensitive_renameTests-Info.plist";
				PRODUCT_NAME = mont.bel.iut.temp_caseinsensitive_rename.temp_caseinsensitive_renameTests;
				TEST_HOST = "$(BUNDLE_LOADER)";
				WRAPPER_EXTENSION = xctest;
			};
			name = Debug;
		};
		F00ECEBE184CC14E00C2B668 /* Release */ = {
			isa = XCBuildConfiguration;
			buildSettings = {
				ARCHS = "$(ARCHS_STANDARD_INCLUDING_64_BIT)";
				BUNDLE_LOADER = "$(BUILT_PRODUCTS_DIR)/ApllicationIUT.app/ApllicationIUT";
				FRAMEWORK_SEARCH_PATHS = (
					"$(SDKROOT)/Developer/Library/Frameworks",
					"$(inherited)",
					"$(DEVELOPER_FRAMEWORKS_DIR)",
				);
				GCC_PRECOMPILE_PREFIX_HEADER = YES;
				GCC_PREFIX_HEADER = "ApllicationIUT/ApllicationIUT-Prefix.pch";
				INFOPLIST_FILE = "ApllicationIUTTests/mont.bel.iut.temp_caseinsensitive_rename.temp_caseinsensitive_renameTests-Info.plist";
				PRODUCT_NAME = mont.bel.iut.temp_caseinsensitive_rename.temp_caseinsensitive_renameTests;
				TEST_HOST = "$(BUNDLE_LOADER)";
				WRAPPER_EXTENSION = xctest;
			};
			name = Release;
		};
/* End XCBuildConfiguration section */

/* Begin XCConfigurationList section */
		F00ECE7F184CC14D00C2B668 /* Build configuration list for PBXProject "mont.bel.iut" */ = {
			isa = XCConfigurationList;
			buildConfigurations = (
				F00ECEB7184CC14E00C2B668 /* Debug */,
				F00ECEB8184CC14E00C2B668 /* Release */,
			);
			defaultConfigurationIsVisible = 0;
			defaultConfigurationName = Release;
		};
		F00ECEB9184CC14E00C2B668 /* Build configuration list for PBXNativeTarget "mont.bel.iut.temp_caseinsensitive_rename.temp_caseinsensitive_rename" */ = {
			isa = XCConfigurationList;
			buildConfigurations = (
				F00ECEBA184CC14E00C2B668 /* Debug */,
				F00ECEBB184CC14E00C2B668 /* Release */,
			);
			defaultConfigurationIsVisible = 0;
			defaultConfigurationName = Release;
		};
		F00ECEBC184CC14E00C2B668 /* Build configuration list for PBXNativeTarget "mont.bel.iut.temp_caseinsensitive_rename.temp_caseinsensitive_renameTests" */ = {
			isa = XCConfigurationList;
			buildConfigurations = (
				F00ECEBD184CC14E00C2B668 /* Debug */,
				F00ECEBE184CC14E00C2B668 /* Release */,
			);
			defaultConfigurationIsVisible = 0;
			defaultConfigurationName = Release;
		};
/* End XCConfigurationList section */
	};
	rootObject = F00ECE7C184CC14D00C2B668 /* Project object */;
}

